// !$*UTF8*$!
{
	archiveVersion = 1;
	classes = {
	};
	objectVersion = 48;
	objects = {

/* Begin PBXBuildFile section */
		EB532E461FEC9C03008D431F /* AppDelegate.swift in Sources */ = {isa = PBXBuildFile; fileRef = EB532E451FEC9C03008D431F /* AppDelegate.swift */; };
		EB532E481FEC9C03008D431F /* ViewController.swift in Sources */ = {isa = PBXBuildFile; fileRef = EB532E471FEC9C03008D431F /* ViewController.swift */; };
		EB532E4B1FEC9C03008D431F /* Main.storyboard in Resources */ = {isa = PBXBuildFile; fileRef = EB532E491FEC9C03008D431F /* Main.storyboard */; };
		EB532E4D1FEC9C03008D431F /* Assets.xcassets in Resources */ = {isa = PBXBuildFile; fileRef = EB532E4C1FEC9C03008D431F /* Assets.xcassets */; };
		EB532E501FEC9C03008D431F /* LaunchScreen.storyboard in Resources */ = {isa = PBXBuildFile; fileRef = EB532E4E1FEC9C03008D431F /* LaunchScreen.storyboard */; };
		EB532E591FECA060008D431F /* RxSwift.framework in Frameworks */ = {isa = PBXBuildFile; fileRef = EB532E581FECA060008D431F /* RxSwift.framework */; };
		EB532E5B1FECA070008D431F /* RxCocoa.framework in Frameworks */ = {isa = PBXBuildFile; fileRef = EB532E5A1FECA070008D431F /* RxCocoa.framework */; };
		EB532E5F1FECA6B6008D431F /* Numbers.storyboard in Resources */ = {isa = PBXBuildFile; fileRef = EB532E5E1FECA6B6008D431F /* Numbers.storyboard */; };
		EB532E611FECA6FC008D431F /* NumbersViewController.swift in Sources */ = {isa = PBXBuildFile; fileRef = EB532E601FECA6FC008D431F /* NumbersViewController.swift */; };
		EB55D2461FECC530009D31C6 /* SimpleValidation.storyboard in Resources */ = {isa = PBXBuildFile; fileRef = EB55D2451FECC530009D31C6 /* SimpleValidation.storyboard */; };
		EB55D2481FECC554009D31C6 /* SimpleValidationController.swift in Sources */ = {isa = PBXBuildFile; fileRef = EB55D2471FECC554009D31C6 /* SimpleValidationController.swift */; };
/* End PBXBuildFile section */

/* Begin PBXFileReference section */
		EB532E421FEC9C03008D431F /* RxPractice.app */ = {isa = PBXFileReference; explicitFileType = wrapper.application; includeInIndex = 0; path = RxPractice.app; sourceTree = BUILT_PRODUCTS_DIR; };
		EB532E451FEC9C03008D431F /* AppDelegate.swift */ = {isa = PBXFileReference; lastKnownFileType = sourcecode.swift; path = AppDelegate.swift; sourceTree = "<group>"; };
		EB532E471FEC9C03008D431F /* ViewController.swift */ = {isa = PBXFileReference; lastKnownFileType = sourcecode.swift; path = ViewController.swift; sourceTree = "<group>"; };
		EB532E4A1FEC9C03008D431F /* Base */ = {isa = PBXFileReference; lastKnownFileType = file.storyboard; name = Base; path = Base.lproj/Main.storyboard; sourceTree = "<group>"; };
		EB532E4C1FEC9C03008D431F /* Assets.xcassets */ = {isa = PBXFileReference; lastKnownFileType = folder.assetcatalog; path = Assets.xcassets; sourceTree = "<group>"; };
		EB532E4F1FEC9C03008D431F /* Base */ = {isa = PBXFileReference; lastKnownFileType = file.storyboard; name = Base; path = Base.lproj/LaunchScreen.storyboard; sourceTree = "<group>"; };
		EB532E511FEC9C03008D431F /* Info.plist */ = {isa = PBXFileReference; lastKnownFileType = text.plist.xml; path = Info.plist; sourceTree = "<group>"; };
		EB532E581FECA060008D431F /* RxSwift.framework */ = {isa = PBXFileReference; lastKnownFileType = wrapper.framework; name = RxSwift.framework; path = Carthage/Build/iOS/RxSwift.framework; sourceTree = "<group>"; };
		EB532E5A1FECA070008D431F /* RxCocoa.framework */ = {isa = PBXFileReference; lastKnownFileType = wrapper.framework; name = RxCocoa.framework; path = Carthage/Build/iOS/RxCocoa.framework; sourceTree = "<group>"; };
		EB532E5E1FECA6B6008D431F /* Numbers.storyboard */ = {isa = PBXFileReference; lastKnownFileType = file.storyboard; path = Numbers.storyboard; sourceTree = "<group>"; };
		EB532E601FECA6FC008D431F /* NumbersViewController.swift */ = {isa = PBXFileReference; lastKnownFileType = sourcecode.swift; path = NumbersViewController.swift; sourceTree = "<group>"; };
		EB55D2451FECC530009D31C6 /* SimpleValidation.storyboard */ = {isa = PBXFileReference; lastKnownFileType = file.storyboard; path = SimpleValidation.storyboard; sourceTree = "<group>"; };
		EB55D2471FECC554009D31C6 /* SimpleValidationController.swift */ = {isa = PBXFileReference; lastKnownFileType = sourcecode.swift; path = SimpleValidationController.swift; sourceTree = "<group>"; };
/* End PBXFileReference section */

/* Begin PBXFrameworksBuildPhase section */
		EB532E3F1FEC9C03008D431F /* Frameworks */ = {
			isa = PBXFrameworksBuildPhase;
			buildActionMask = 2147483647;
			files = (
				EB532E5B1FECA070008D431F /* RxCocoa.framework in Frameworks */,
				EB532E591FECA060008D431F /* RxSwift.framework in Frameworks */,
			);
			runOnlyForDeploymentPostprocessing = 0;
		};
/* End PBXFrameworksBuildPhase section */

/* Begin PBXGroup section */
		EB532E391FEC9C03008D431F = {
			isa = PBXGroup;
			children = (
				EB532E441FEC9C03008D431F /* RxPractice */,
				EB532E431FEC9C03008D431F /* Products */,
				EB532E571FECA060008D431F /* Frameworks */,
			);
			sourceTree = "<group>";
		};
		EB532E431FEC9C03008D431F /* Products */ = {
			isa = PBXGroup;
			children = (
				EB532E421FEC9C03008D431F /* RxPractice.app */,
			);
			name = Products;
			sourceTree = "<group>";
		};
		EB532E441FEC9C03008D431F /* RxPractice */ = {
			isa = PBXGroup;
			children = (
				EB55D2441FECC51B009D31C6 /* SimpleValidation */,
				EB532E5D1FECA6A6008D431F /* Numbers */,
				EB532E451FEC9C03008D431F /* AppDelegate.swift */,
				EB532E471FEC9C03008D431F /* ViewController.swift */,
				EB532E491FEC9C03008D431F /* Main.storyboard */,
				EB532E4C1FEC9C03008D431F /* Assets.xcassets */,
				EB532E4E1FEC9C03008D431F /* LaunchScreen.storyboard */,
				EB532E511FEC9C03008D431F /* Info.plist */,
			);
			path = RxPractice;
			sourceTree = "<group>";
		};
		EB532E571FECA060008D431F /* Frameworks */ = {
			isa = PBXGroup;
			children = (
				EB532E5A1FECA070008D431F /* RxCocoa.framework */,
				EB532E581FECA060008D431F /* RxSwift.framework */,
			);
			name = Frameworks;
			sourceTree = "<group>";
		};
		EB532E5D1FECA6A6008D431F /* Numbers */ = {
			isa = PBXGroup;
			children = (
				EB532E5E1FECA6B6008D431F /* Numbers.storyboard */,
				EB532E601FECA6FC008D431F /* NumbersViewController.swift */,
			);
			path = Numbers;
			sourceTree = "<group>";
		};
		EB55D2441FECC51B009D31C6 /* SimpleValidation */ = {
			isa = PBXGroup;
			children = (
				EB55D2451FECC530009D31C6 /* SimpleValidation.storyboard */,
				EB55D2471FECC554009D31C6 /* SimpleValidationController.swift */,
			);
			path = SimpleValidation;
			sourceTree = "<group>";
		};
/* End PBXGroup section */

/* Begin PBXNativeTarget section */
		EB532E411FEC9C03008D431F /* RxPractice */ = {
			isa = PBXNativeTarget;
			buildConfigurationList = EB532E541FEC9C03008D431F /* Build configuration list for PBXNativeTarget "RxPractice" */;
			buildPhases = (
				EB532E3E1FEC9C03008D431F /* Sources */,
				EB532E3F1FEC9C03008D431F /* Frameworks */,
				EB532E401FEC9C03008D431F /* Resources */,
				EB532E5C1FECA08E008D431F /* Carthage */,
			);
			buildRules = (
			);
			dependencies = (
			);
			name = RxPractice;
			productName = RxPractice;
			productReference = EB532E421FEC9C03008D431F /* RxPractice.app */;
			productType = "com.apple.product-type.application";
		};
/* End PBXNativeTarget section */

/* Begin PBXProject section */
		EB532E3A1FEC9C03008D431F /* Project object */ = {
			isa = PBXProject;
			attributes = {
				LastSwiftUpdateCheck = 0920;
				LastUpgradeCheck = 0920;
				ORGANIZATIONNAME = "Hiroka Yago";
				TargetAttributes = {
					EB532E411FEC9C03008D431F = {
						CreatedOnToolsVersion = 9.2;
						ProvisioningStyle = Automatic;
					};
				};
			};
			buildConfigurationList = EB532E3D1FEC9C03008D431F /* Build configuration list for PBXProject "RxPractice" */;
			compatibilityVersion = "Xcode 8.0";
			developmentRegion = en;
			hasScannedForEncodings = 0;
			knownRegions = (
				en,
				Base,
			);
			mainGroup = EB532E391FEC9C03008D431F;
			productRefGroup = EB532E431FEC9C03008D431F /* Products */;
			projectDirPath = "";
			projectRoot = "";
			targets = (
				EB532E411FEC9C03008D431F /* RxPractice */,
			);
		};
/* End PBXProject section */

/* Begin PBXResourcesBuildPhase section */
		EB532E401FEC9C03008D431F /* Resources */ = {
			isa = PBXResourcesBuildPhase;
			buildActionMask = 2147483647;
			files = (
				EB532E501FEC9C03008D431F /* LaunchScreen.storyboard in Resources */,
				EB55D2461FECC530009D31C6 /* SimpleValidation.storyboard in Resources */,
				EB532E5F1FECA6B6008D431F /* Numbers.storyboard in Resources */,
				EB532E4D1FEC9C03008D431F /* Assets.xcassets in Resources */,
				EB532E4B1FEC9C03008D431F /* Main.storyboard in Resources */,
			);
			runOnlyForDeploymentPostprocessing = 0;
		};
/* End PBXResourcesBuildPhase section */

/* Begin PBXShellScriptBuildPhase section */
		EB532E5C1FECA08E008D431F /* Carthage */ = {
			isa = PBXShellScriptBuildPhase;
			buildActionMask = 2147483647;
			files = (
			);
			inputPaths = (
				"$(SRCROOT)/Carthage/Build/iOS/RxSwift.framework",
				"$(SRCROOT)/Carthage/Build/iOS/RxCocoa.framework",
			);
			name = Carthage;
			outputPaths = (
			);
			runOnlyForDeploymentPostprocessing = 0;
			shellPath = /bin/sh;
			shellScript = "/usr/local/bin/carthage copy-frameworks";
		};
/* End PBXShellScriptBuildPhase section */

/* Begin PBXSourcesBuildPhase section */
		EB532E3E1FEC9C03008D431F /* Sources */ = {
			isa = PBXSourcesBuildPhase;
			buildActionMask = 2147483647;
			files = (
				EB55D2481FECC554009D31C6 /* SimpleValidationController.swift in Sources */,
				EB532E611FECA6FC008D431F /* NumbersViewController.swift in Sources */,
				EB532E481FEC9C03008D431F /* ViewController.swift in Sources */,
				EB532E461FEC9C03008D431F /* AppDelegate.swift in Sources */,
			);
			runOnlyForDeploymentPostprocessing = 0;
		};
/* End PBXSourcesBuildPhase section */

/* Begin PBXVariantGroup section */
		EB532E491FEC9C03008D431F /* Main.storyboard */ = {
			isa = PBXVariantGroup;
			children = (
				EB532E4A1FEC9C03008D431F /* Base */,
			);
			name = Main.storyboard;
			sourceTree = "<group>";
		};
		EB532E4E1FEC9C03008D431F /* LaunchScreen.storyboard */ = {
			isa = PBXVariantGroup;
			children = (
				EB532E4F1FEC9C03008D431F /* Base */,
			);
			name = LaunchScreen.storyboard;
			sourceTree = "<group>";
		};
/* End PBXVariantGroup section */

/* Begin XCBuildConfiguration section */
		EB532E521FEC9C03008D431F /* Debug */ = {
			isa = XCBuildConfiguration;
			buildSettings = {
				ALWAYS_SEARCH_USER_PATHS = NO;
				CLANG_ANALYZER_NONNULL = YES;
				CLANG_ANALYZER_NUMBER_OBJECT_CONVERSION = YES_AGGRESSIVE;
				CLANG_CXX_LANGUAGE_STANDARD = "gnu++14";
				CLANG_CXX_LIBRARY = "libc++";
				CLANG_ENABLE_MODULES = YES;
				CLANG_ENABLE_OBJC_ARC = YES;
				CLANG_WARN_BLOCK_CAPTURE_AUTORELEASING = YES;
				CLANG_WARN_BOOL_CONVERSION = YES;
				CLANG_WARN_COMMA = YES;
				CLANG_WARN_CONSTANT_CONVERSION = YES;
				CLANG_WARN_DIRECT_OBJC_ISA_USAGE = YES_ERROR;
				CLANG_WARN_DOCUMENTATION_COMMENTS = YES;
				CLANG_WARN_EMPTY_BODY = YES;
				CLANG_WARN_ENUM_CONVERSION = YES;
				CLANG_WARN_INFINITE_RECURSION = YES;
				CLANG_WARN_INT_CONVERSION = YES;
				CLANG_WARN_NON_LITERAL_NULL_CONVERSION = YES;
				CLANG_WARN_OBJC_LITERAL_CONVERSION = YES;
				CLANG_WARN_OBJC_ROOT_CLASS = YES_ERROR;
				CLANG_WARN_RANGE_LOOP_ANALYSIS = YES;
				CLANG_WARN_STRICT_PROTOTYPES = YES;
				CLANG_WARN_SUSPICIOUS_MOVE = YES;
				CLANG_WARN_UNGUARDED_AVAILABILITY = YES_AGGRESSIVE;
				CLANG_WARN_UNREACHABLE_CODE = YES;
				CLANG_WARN__DUPLICATE_METHOD_MATCH = YES;
				CODE_SIGN_IDENTITY = "iPhone Developer";
				COPY_PHASE_STRIP = NO;
				DEBUG_INFORMATION_FORMAT = dwarf;
				ENABLE_STRICT_OBJC_MSGSEND = YES;
				ENABLE_TESTABILITY = YES;
				GCC_C_LANGUAGE_STANDARD = gnu11;
				GCC_DYNAMIC_NO_PIC = NO;
				GCC_NO_COMMON_BLOCKS = YES;
				GCC_OPTIMIZATION_LEVEL = 0;
				GCC_PREPROCESSOR_DEFINITIONS = (
					"DEBUG=1",
					"$(inherited)",
				);
				GCC_WARN_64_TO_32_BIT_CONVERSION = YES;
				GCC_WARN_ABOUT_RETURN_TYPE = YES_ERROR;
				GCC_WARN_UNDECLARED_SELECTOR = YES;
				GCC_WARN_UNINITIALIZED_AUTOS = YES_AGGRESSIVE;
				GCC_WARN_UNUSED_FUNCTION = YES;
				GCC_WARN_UNUSED_VARIABLE = YES;
				IPHONEOS_DEPLOYMENT_TARGET = 11.2;
				MTL_ENABLE_DEBUG_INFO = YES;
				ONLY_ACTIVE_ARCH = YES;
				SDKROOT = iphoneos;
				SWIFT_ACTIVE_COMPILATION_CONDITIONS = DEBUG;
				SWIFT_OPTIMIZATION_LEVEL = "-Onone";
			};
			name = Debug;
		};
		EB532E531FEC9C03008D431F /* Release */ = {
			isa = XCBuildConfiguration;
			buildSettings = {
				ALWAYS_SEARCH_USER_PATHS = NO;
				CLANG_ANALYZER_NONNULL = YES;
				CLANG_ANALYZER_NUMBER_OBJECT_CONVERSION = YES_AGGRESSIVE;
				CLANG_CXX_LANGUAGE_STANDARD = "gnu++14";
				CLANG_CXX_LIBRARY = "libc++";
				CLANG_ENABLE_MODULES = YES;
				CLANG_ENABLE_OBJC_ARC = YES;
				CLANG_WARN_BLOCK_CAPTURE_AUTORELEASING = YES;
				CLANG_WARN_BOOL_CONVERSION = YES;
				CLANG_WARN_COMMA = YES;
				CLANG_WARN_CONSTANT_CONVERSION = YES;
				CLANG_WARN_DIRECT_OBJC_ISA_USAGE = YES_ERROR;
				CLANG_WARN_DOCUMENTATION_COMMENTS = YES;
				CLANG_WARN_EMPTY_BODY = YES;
				CLANG_WARN_ENUM_CONVERSION = YES;
				CLANG_WARN_INFINITE_RECURSION = YES;
				CLANG_WARN_INT_CONVERSION = YES;
				CLANG_WARN_NON_LITERAL_NULL_CONVERSION = YES;
				CLANG_WARN_OBJC_LITERAL_CONVERSION = YES;
				CLANG_WARN_OBJC_ROOT_CLASS = YES_ERROR;
				CLANG_WARN_RANGE_LOOP_ANALYSIS = YES;
				CLANG_WARN_STRICT_PROTOTYPES = YES;
				CLANG_WARN_SUSPICIOUS_MOVE = YES;
				CLANG_WARN_UNGUARDED_AVAILABILITY = YES_AGGRESSIVE;
				CLANG_WARN_UNREACHABLE_CODE = YES;
				CLANG_WARN__DUPLICATE_METHOD_MATCH = YES;
				CODE_SIGN_IDENTITY = "iPhone Developer";
				COPY_PHASE_STRIP = NO;
				DEBUG_INFORMATION_FORMAT = "dwarf-with-dsym";
				ENABLE_NS_ASSERTIONS = NO;
				ENABLE_STRICT_OBJC_MSGSEND = YES;
				GCC_C_LANGUAGE_STANDARD = gnu11;
				GCC_NO_COMMON_BLOCKS = YES;
				GCC_WARN_64_TO_32_BIT_CONVERSION = YES;
				GCC_WARN_ABOUT_RETURN_TYPE = YES_ERROR;
				GCC_WARN_UNDECLARED_SELECTOR = YES;
				GCC_WARN_UNINITIALIZED_AUTOS = YES_AGGRESSIVE;
				GCC_WARN_UNUSED_FUNCTION = YES;
				GCC_WARN_UNUSED_VARIABLE = YES;
				IPHONEOS_DEPLOYMENT_TARGET = 11.2;
				MTL_ENABLE_DEBUG_INFO = NO;
				SDKROOT = iphoneos;
				SWIFT_OPTIMIZATION_LEVEL = "-Owholemodule";
				VALIDATE_PRODUCT = YES;
			};
			name = Release;
		};
		EB532E551FEC9C03008D431F /* Debug */ = {
			isa = XCBuildConfiguration;
			buildSettings = {
				ASSETCATALOG_COMPILER_APPICON_NAME = AppIcon;
				CODE_SIGN_STYLE = Automatic;
				DEVELOPMENT_TEAM = A2X2UZ7AEE;
				FRAMEWORK_SEARCH_PATHS = (
					"$(inherited)",
					"$(PROJECT_DIR)/Carthage/Build/iOS",
				);
				INFOPLIST_FILE = RxPractice/Info.plist;
				LD_RUNPATH_SEARCH_PATHS = "$(inherited) @executable_path/Frameworks";
				PRODUCT_BUNDLE_IDENTIFIER = com.miso.RxPractice;
				PRODUCT_NAME = "$(TARGET_NAME)";
				SWIFT_VERSION = 4.0;
				TARGETED_DEVICE_FAMILY = "1,2";
			};
			name = Debug;
		};
		EB532E561FEC9C03008D431F /* Release */ = {
			isa = XCBuildConfiguration;
			buildSettings = {
				ASSETCATALOG_COMPILER_APPICON_NAME = AppIcon;
				CODE_SIGN_STYLE = Automatic;
				DEVELOPMENT_TEAM = A2X2UZ7AEE;
				FRAMEWORK_SEARCH_PATHS = (
					"$(inherited)",
					"$(PROJECT_DIR)/Carthage/Build/iOS",
				);
				INFOPLIST_FILE = RxPractice/Info.plist;
				LD_RUNPATH_SEARCH_PATHS = "$(inherited) @executable_path/Frameworks";
				PRODUCT_BUNDLE_IDENTIFIER = com.miso.RxPractice;
				PRODUCT_NAME = "$(TARGET_NAME)";
				SWIFT_VERSION = 4.0;
				TARGETED_DEVICE_FAMILY = "1,2";
			};
			name = Release;
		};
/* End XCBuildConfiguration section */

/* Begin XCConfigurationList section */
		EB532E3D1FEC9C03008D431F /* Build configuration list for PBXProject "RxPractice" */ = {
			isa = XCConfigurationList;
			buildConfigurations = (
				EB532E521FEC9C03008D431F /* Debug */,
				EB532E531FEC9C03008D431F /* Release */,
			);
			defaultConfigurationIsVisible = 0;
			defaultConfigurationName = Release;
		};
		EB532E541FEC9C03008D431F /* Build configuration list for PBXNativeTarget "RxPractice" */ = {
			isa = XCConfigurationList;
			buildConfigurations = (
				EB532E551FEC9C03008D431F /* Debug */,
				EB532E561FEC9C03008D431F /* Release */,
			);
			defaultConfigurationIsVisible = 0;
			defaultConfigurationName = Release;
		};
/* End XCConfigurationList section */
	};
	rootObject = EB532E3A1FEC9C03008D431F /* Project object */;
}
