// !$*UTF8*$!
{
	archiveVersion = 1;
	classes = {
	};
	objectVersion = 48;
	objects = {

/* Begin PBXBuildFile section */
		EB1494721FD5234B0000EDA9 /* RatingControl.swift in Sources */ = {isa = PBXBuildFile; fileRef = EB1494711FD5234B0000EDA9 /* RatingControl.swift */; };
		EB1494741FD538C50000EDA9 /* Meal.swift in Sources */ = {isa = PBXBuildFile; fileRef = EB1494731FD538C50000EDA9 /* Meal.swift */; };
		EB1494761FD5395D0000EDA9 /* MealTest.swift in Sources */ = {isa = PBXBuildFile; fileRef = EB1494751FD5395D0000EDA9 /* MealTest.swift */; };
		EB247AFB1FD54A1C007BE240 /* MealTableViewCell.swift in Sources */ = {isa = PBXBuildFile; fileRef = EB247AFA1FD54A1C007BE240 /* MealTableViewCell.swift */; };
		EB247AFD1FD55FB6007BE240 /* MealTableViewController.swift in Sources */ = {isa = PBXBuildFile; fileRef = EB247AFC1FD55FB6007BE240 /* MealTableViewController.swift */; };
		EB48FEB51FD6738500826584 /* Log.swift in Sources */ = {isa = PBXBuildFile; fileRef = EB48FEB41FD6738500826584 /* Log.swift */; };
		EB48FEB71FD6841000826584 /* FileStorage.swift in Sources */ = {isa = PBXBuildFile; fileRef = EB48FEB61FD6841000826584 /* FileStorage.swift */; };
		EB48FEB91FD7AB8A00826584 /* Feedback.swift in Sources */ = {isa = PBXBuildFile; fileRef = EB48FEB81FD7AB8A00826584 /* Feedback.swift */; };
		EBC2887A1FD4ED33005D1CCC /* AppDelegate.swift in Sources */ = {isa = PBXBuildFile; fileRef = EBC288791FD4ED33005D1CCC /* AppDelegate.swift */; };
		EBC2887C1FD4ED33005D1CCC /* MealViewController.swift in Sources */ = {isa = PBXBuildFile; fileRef = EBC2887B1FD4ED33005D1CCC /* MealViewController.swift */; };
		EBC2887F1FD4ED33005D1CCC /* Main.storyboard in Resources */ = {isa = PBXBuildFile; fileRef = EBC2887D1FD4ED33005D1CCC /* Main.storyboard */; };
		EBC288811FD4ED33005D1CCC /* Assets.xcassets in Resources */ = {isa = PBXBuildFile; fileRef = EBC288801FD4ED33005D1CCC /* Assets.xcassets */; };
		EBC288841FD4ED33005D1CCC /* LaunchScreen.storyboard in Resources */ = {isa = PBXBuildFile; fileRef = EBC288821FD4ED33005D1CCC /* LaunchScreen.storyboard */; };
/* End PBXBuildFile section */

/* Begin PBXContainerItemProxy section */
		EBC2888B1FD4ED33005D1CCC /* PBXContainerItemProxy */ = {
			isa = PBXContainerItemProxy;
			containerPortal = EBC2886E1FD4ED33005D1CCC /* Project object */;
			proxyType = 1;
			remoteGlobalIDString = EBC288751FD4ED33005D1CCC;
			remoteInfo = TrackingMealApp;
		};
/* End PBXContainerItemProxy section */

/* Begin PBXFileReference section */
		EB1494711FD5234B0000EDA9 /* RatingControl.swift */ = {isa = PBXFileReference; lastKnownFileType = sourcecode.swift; path = RatingControl.swift; sourceTree = "<group>"; };
		EB1494731FD538C50000EDA9 /* Meal.swift */ = {isa = PBXFileReference; lastKnownFileType = sourcecode.swift; path = Meal.swift; sourceTree = "<group>"; };
		EB1494751FD5395D0000EDA9 /* MealTest.swift */ = {isa = PBXFileReference; lastKnownFileType = sourcecode.swift; path = MealTest.swift; sourceTree = "<group>"; };
		EB247AFA1FD54A1C007BE240 /* MealTableViewCell.swift */ = {isa = PBXFileReference; lastKnownFileType = sourcecode.swift; path = MealTableViewCell.swift; sourceTree = "<group>"; };
		EB247AFC1FD55FB6007BE240 /* MealTableViewController.swift */ = {isa = PBXFileReference; lastKnownFileType = sourcecode.swift; path = MealTableViewController.swift; sourceTree = "<group>"; };
		EB48FEB41FD6738500826584 /* Log.swift */ = {isa = PBXFileReference; fileEncoding = 4; lastKnownFileType = sourcecode.swift; path = Log.swift; sourceTree = "<group>"; };
		EB48FEB61FD6841000826584 /* FileStorage.swift */ = {isa = PBXFileReference; lastKnownFileType = sourcecode.swift; path = FileStorage.swift; sourceTree = "<group>"; };
		EB48FEB81FD7AB8A00826584 /* Feedback.swift */ = {isa = PBXFileReference; lastKnownFileType = sourcecode.swift; path = Feedback.swift; sourceTree = "<group>"; };
		EBC288761FD4ED33005D1CCC /* TrackingMealApp.app */ = {isa = PBXFileReference; explicitFileType = wrapper.application; includeInIndex = 0; path = TrackingMealApp.app; sourceTree = BUILT_PRODUCTS_DIR; };
		EBC288791FD4ED33005D1CCC /* AppDelegate.swift */ = {isa = PBXFileReference; lastKnownFileType = sourcecode.swift; path = AppDelegate.swift; sourceTree = "<group>"; };
		EBC2887B1FD4ED33005D1CCC /* MealViewController.swift */ = {isa = PBXFileReference; lastKnownFileType = sourcecode.swift; path = MealViewController.swift; sourceTree = "<group>"; };
		EBC2887E1FD4ED33005D1CCC /* Base */ = {isa = PBXFileReference; lastKnownFileType = file.storyboard; name = Base; path = Base.lproj/Main.storyboard; sourceTree = "<group>"; };
		EBC288801FD4ED33005D1CCC /* Assets.xcassets */ = {isa = PBXFileReference; lastKnownFileType = folder.assetcatalog; path = Assets.xcassets; sourceTree = "<group>"; };
		EBC288831FD4ED33005D1CCC /* Base */ = {isa = PBXFileReference; lastKnownFileType = file.storyboard; name = Base; path = Base.lproj/LaunchScreen.storyboard; sourceTree = "<group>"; };
		EBC288851FD4ED33005D1CCC /* Info.plist */ = {isa = PBXFileReference; lastKnownFileType = text.plist.xml; path = Info.plist; sourceTree = "<group>"; };
		EBC2888A1FD4ED33005D1CCC /* TrackingMealAppTests.xctest */ = {isa = PBXFileReference; explicitFileType = wrapper.cfbundle; includeInIndex = 0; path = TrackingMealAppTests.xctest; sourceTree = BUILT_PRODUCTS_DIR; };
		EBC288901FD4ED33005D1CCC /* Info.plist */ = {isa = PBXFileReference; lastKnownFileType = text.plist.xml; path = Info.plist; sourceTree = "<group>"; };
/* End PBXFileReference section */

/* Begin PBXFrameworksBuildPhase section */
		EBC288731FD4ED33005D1CCC /* Frameworks */ = {
			isa = PBXFrameworksBuildPhase;
			buildActionMask = 2147483647;
			files = (
			);
			runOnlyForDeploymentPostprocessing = 0;
		};
		EBC288871FD4ED33005D1CCC /* Frameworks */ = {
			isa = PBXFrameworksBuildPhase;
			buildActionMask = 2147483647;
			files = (
			);
			runOnlyForDeploymentPostprocessing = 0;
		};
/* End PBXFrameworksBuildPhase section */

/* Begin PBXGroup section */
		EBC2886D1FD4ED33005D1CCC = {
			isa = PBXGroup;
			children = (
				EBC288781FD4ED33005D1CCC /* TrackingMealApp */,
				EBC2888D1FD4ED33005D1CCC /* TrackingMealAppTests */,
				EBC288771FD4ED33005D1CCC /* Products */,
			);
			sourceTree = "<group>";
		};
		EBC288771FD4ED33005D1CCC /* Products */ = {
			isa = PBXGroup;
			children = (
				EBC288761FD4ED33005D1CCC /* TrackingMealApp.app */,
				EBC2888A1FD4ED33005D1CCC /* TrackingMealAppTests.xctest */,
			);
			name = Products;
			sourceTree = "<group>";
		};
		EBC288781FD4ED33005D1CCC /* TrackingMealApp */ = {
			isa = PBXGroup;
			children = (
				EB48FEB41FD6738500826584 /* Log.swift */,
				EBC288791FD4ED33005D1CCC /* AppDelegate.swift */,
				EBC2887B1FD4ED33005D1CCC /* MealViewController.swift */,
				EB1494711FD5234B0000EDA9 /* RatingControl.swift */,
				EBC2887D1FD4ED33005D1CCC /* Main.storyboard */,
				EBC288801FD4ED33005D1CCC /* Assets.xcassets */,
				EBC288821FD4ED33005D1CCC /* LaunchScreen.storyboard */,
				EBC288851FD4ED33005D1CCC /* Info.plist */,
				EB1494731FD538C50000EDA9 /* Meal.swift */,
				EB247AFA1FD54A1C007BE240 /* MealTableViewCell.swift */,
				EB247AFC1FD55FB6007BE240 /* MealTableViewController.swift */,
				EB48FEB61FD6841000826584 /* FileStorage.swift */,
				EB48FEB81FD7AB8A00826584 /* Feedback.swift */,
			);
			path = TrackingMealApp;
			sourceTree = "<group>";
		};
		EBC2888D1FD4ED33005D1CCC /* TrackingMealAppTests */ = {
			isa = PBXGroup;
			children = (
				EBC288901FD4ED33005D1CCC /* Info.plist */,
				EB1494751FD5395D0000EDA9 /* MealTest.swift */,
			);
			path = TrackingMealAppTests;
			sourceTree = "<group>";
		};
/* End PBXGroup section */

/* Begin PBXNativeTarget section */
		EBC288751FD4ED33005D1CCC /* TrackingMealApp */ = {
			isa = PBXNativeTarget;
			buildConfigurationList = EBC2889E1FD4ED33005D1CCC /* Build configuration list for PBXNativeTarget "TrackingMealApp" */;
			buildPhases = (
				EBC288721FD4ED33005D1CCC /* Sources */,
				EBC288731FD4ED33005D1CCC /* Frameworks */,
				EBC288741FD4ED33005D1CCC /* Resources */,
				EB1494701FD50D1E0000EDA9 /* SwfitLint */,
			);
			buildRules = (
			);
			dependencies = (
			);
			name = TrackingMealApp;
			productName = TrackingMealApp;
			productReference = EBC288761FD4ED33005D1CCC /* TrackingMealApp.app */;
			productType = "com.apple.product-type.application";
		};
		EBC288891FD4ED33005D1CCC /* TrackingMealAppTests */ = {
			isa = PBXNativeTarget;
			buildConfigurationList = EBC288A11FD4ED33005D1CCC /* Build configuration list for PBXNativeTarget "TrackingMealAppTests" */;
			buildPhases = (
				EBC288861FD4ED33005D1CCC /* Sources */,
				EBC288871FD4ED33005D1CCC /* Frameworks */,
				EBC288881FD4ED33005D1CCC /* Resources */,
			);
			buildRules = (
			);
			dependencies = (
				EBC2888C1FD4ED33005D1CCC /* PBXTargetDependency */,
			);
			name = TrackingMealAppTests;
			productName = TrackingMealAppTests;
			productReference = EBC2888A1FD4ED33005D1CCC /* TrackingMealAppTests.xctest */;
			productType = "com.apple.product-type.bundle.unit-test";
		};
/* End PBXNativeTarget section */

/* Begin PBXProject section */
		EBC2886E1FD4ED33005D1CCC /* Project object */ = {
			isa = PBXProject;
			attributes = {
				LastSwiftUpdateCheck = 0910;
				LastUpgradeCheck = 0910;
				ORGANIZATIONNAME = "Hiroka Yago";
				TargetAttributes = {
					EBC288751FD4ED33005D1CCC = {
						CreatedOnToolsVersion = 9.1;
						ProvisioningStyle = Automatic;
					};
					EBC288891FD4ED33005D1CCC = {
						CreatedOnToolsVersion = 9.1;
						ProvisioningStyle = Automatic;
						TestTargetID = EBC288751FD4ED33005D1CCC;
					};
				};
			};
			buildConfigurationList = EBC288711FD4ED33005D1CCC /* Build configuration list for PBXProject "TrackingMealApp" */;
			compatibilityVersion = "Xcode 8.0";
			developmentRegion = en;
			hasScannedForEncodings = 0;
			knownRegions = (
				en,
				Base,
			);
			mainGroup = EBC2886D1FD4ED33005D1CCC;
			productRefGroup = EBC288771FD4ED33005D1CCC /* Products */;
			projectDirPath = "";
			projectRoot = "";
			targets = (
				EBC288751FD4ED33005D1CCC /* TrackingMealApp */,
				EBC288891FD4ED33005D1CCC /* TrackingMealAppTests */,
			);
		};
/* End PBXProject section */

/* Begin PBXResourcesBuildPhase section */
		EBC288741FD4ED33005D1CCC /* Resources */ = {
			isa = PBXResourcesBuildPhase;
			buildActionMask = 2147483647;
			files = (
				EBC288841FD4ED33005D1CCC /* LaunchScreen.storyboard in Resources */,
				EBC288811FD4ED33005D1CCC /* Assets.xcassets in Resources */,
				EBC2887F1FD4ED33005D1CCC /* Main.storyboard in Resources */,
			);
			runOnlyForDeploymentPostprocessing = 0;
		};
		EBC288881FD4ED33005D1CCC /* Resources */ = {
			isa = PBXResourcesBuildPhase;
			buildActionMask = 2147483647;
			files = (
			);
			runOnlyForDeploymentPostprocessing = 0;
		};
/* End PBXResourcesBuildPhase section */

/* Begin PBXShellScriptBuildPhase section */
		EB1494701FD50D1E0000EDA9 /* SwfitLint */ = {
			isa = PBXShellScriptBuildPhase;
			buildActionMask = 2147483647;
			files = (
			);
			inputPaths = (
			);
			name = SwfitLint;
			outputPaths = (
			);
			runOnlyForDeploymentPostprocessing = 0;
			shellPath = /bin/sh;
			shellScript = "if which swiftlint >/dev/null; then\nswiftlint autocorrect\nelse\necho \"SwiftLint does not exist, download from https://github.com/realm/SwiftLint\"\nfi";
		};
/* End PBXShellScriptBuildPhase section */

/* Begin PBXSourcesBuildPhase section */
		EBC288721FD4ED33005D1CCC /* Sources */ = {
			isa = PBXSourcesBuildPhase;
			buildActionMask = 2147483647;
			files = (
				EB1494741FD538C50000EDA9 /* Meal.swift in Sources */,
				EB48FEB71FD6841000826584 /* FileStorage.swift in Sources */,
				EB48FEB51FD6738500826584 /* Log.swift in Sources */,
				EBC2887C1FD4ED33005D1CCC /* MealViewController.swift in Sources */,
				EB1494721FD5234B0000EDA9 /* RatingControl.swift in Sources */,
				EBC2887A1FD4ED33005D1CCC /* AppDelegate.swift in Sources */,
				EB247AFD1FD55FB6007BE240 /* MealTableViewController.swift in Sources */,
				EB48FEB91FD7AB8A00826584 /* Feedback.swift in Sources */,
				EB247AFB1FD54A1C007BE240 /* MealTableViewCell.swift in Sources */,
			);
			runOnlyForDeploymentPostprocessing = 0;
		};
		EBC288861FD4ED33005D1CCC /* Sources */ = {
			isa = PBXSourcesBuildPhase;
			buildActionMask = 2147483647;
			files = (
				EB1494761FD5395D0000EDA9 /* MealTest.swift in Sources */,
			);
			runOnlyForDeploymentPostprocessing = 0;
		};
/* End PBXSourcesBuildPhase section */

/* Begin PBXTargetDependency section */
		EBC2888C1FD4ED33005D1CCC /* PBXTargetDependency */ = {
			isa = PBXTargetDependency;
			target = EBC288751FD4ED33005D1CCC /* TrackingMealApp */;
			targetProxy = EBC2888B1FD4ED33005D1CCC /* PBXContainerItemProxy */;
		};
/* End PBXTargetDependency section */

/* Begin PBXVariantGroup section */
		EBC2887D1FD4ED33005D1CCC /* Main.storyboard */ = {
			isa = PBXVariantGroup;
			children = (
				EBC2887E1FD4ED33005D1CCC /* Base */,
			);
			name = Main.storyboard;
			sourceTree = "<group>";
		};
		EBC288821FD4ED33005D1CCC /* LaunchScreen.storyboard */ = {
			isa = PBXVariantGroup;
			children = (
				EBC288831FD4ED33005D1CCC /* Base */,
			);
			name = LaunchScreen.storyboard;
			sourceTree = "<group>";
		};
/* End PBXVariantGroup section */

/* Begin XCBuildConfiguration section */
		EBC2889C1FD4ED33005D1CCC /* Debug */ = {
			isa = XCBuildConfiguration;
			buildSettings = {
				ALWAYS_SEARCH_USER_PATHS = NO;
				CLANG_ANALYZER_NONNULL = YES;
				CLANG_ANALYZER_NUMBER_OBJECT_CONVERSION = YES_AGGRESSIVE;
				CLANG_CXX_LANGUAGE_STANDARD = "gnu++14";
				CLANG_CXX_LIBRARY = "libc++";
				CLANG_ENABLE_MODULES = YES;
				CLANG_ENABLE_OBJC_ARC = YES;
				CLANG_WARN_BLOCK_CAPTURE_AUTORELEASING = YES;
				CLANG_WARN_BOOL_CONVERSION = YES;
				CLANG_WARN_COMMA = YES;
				CLANG_WARN_CONSTANT_CONVERSION = YES;
				CLANG_WARN_DIRECT_OBJC_ISA_USAGE = YES_ERROR;
				CLANG_WARN_DOCUMENTATION_COMMENTS = YES;
				CLANG_WARN_EMPTY_BODY = YES;
				CLANG_WARN_ENUM_CONVERSION = YES;
				CLANG_WARN_INFINITE_RECURSION = YES;
				CLANG_WARN_INT_CONVERSION = YES;
				CLANG_WARN_NON_LITERAL_NULL_CONVERSION = YES;
				CLANG_WARN_OBJC_LITERAL_CONVERSION = YES;
				CLANG_WARN_OBJC_ROOT_CLASS = YES_ERROR;
				CLANG_WARN_RANGE_LOOP_ANALYSIS = YES;
				CLANG_WARN_STRICT_PROTOTYPES = YES;
				CLANG_WARN_SUSPICIOUS_MOVE = YES;
				CLANG_WARN_UNGUARDED_AVAILABILITY = YES_AGGRESSIVE;
				CLANG_WARN_UNREACHABLE_CODE = YES;
				CLANG_WARN__DUPLICATE_METHOD_MATCH = YES;
				CODE_SIGN_IDENTITY = "iPhone Developer";
				COPY_PHASE_STRIP = NO;
				DEBUG_INFORMATION_FORMAT = dwarf;
				ENABLE_STRICT_OBJC_MSGSEND = YES;
				ENABLE_TESTABILITY = YES;
				GCC_C_LANGUAGE_STANDARD = gnu11;
				GCC_DYNAMIC_NO_PIC = NO;
				GCC_NO_COMMON_BLOCKS = YES;
				GCC_OPTIMIZATION_LEVEL = 0;
				GCC_PREPROCESSOR_DEFINITIONS = (
					"DEBUG=1",
					"$(inherited)",
				);
				GCC_WARN_64_TO_32_BIT_CONVERSION = YES;
				GCC_WARN_ABOUT_RETURN_TYPE = YES_ERROR;
				GCC_WARN_UNDECLARED_SELECTOR = YES;
				GCC_WARN_UNINITIALIZED_AUTOS = YES_AGGRESSIVE;
				GCC_WARN_UNUSED_FUNCTION = YES;
				GCC_WARN_UNUSED_VARIABLE = YES;
				IPHONEOS_DEPLOYMENT_TARGET = 11.2;
				MTL_ENABLE_DEBUG_INFO = YES;
				ONLY_ACTIVE_ARCH = YES;
				SDKROOT = iphoneos;
				SWIFT_ACTIVE_COMPILATION_CONDITIONS = DEBUG;
				SWIFT_OPTIMIZATION_LEVEL = "-Onone";
			};
			name = Debug;
		};
		EBC2889D1FD4ED33005D1CCC /* Release */ = {
			isa = XCBuildConfiguration;
			buildSettings = {
				ALWAYS_SEARCH_USER_PATHS = NO;
				CLANG_ANALYZER_NONNULL = YES;
				CLANG_ANALYZER_NUMBER_OBJECT_CONVERSION = YES_AGGRESSIVE;
				CLANG_CXX_LANGUAGE_STANDARD = "gnu++14";
				CLANG_CXX_LIBRARY = "libc++";
				CLANG_ENABLE_MODULES = YES;
				CLANG_ENABLE_OBJC_ARC = YES;
				CLANG_WARN_BLOCK_CAPTURE_AUTORELEASING = YES;
				CLANG_WARN_BOOL_CONVERSION = YES;
				CLANG_WARN_COMMA = YES;
				CLANG_WARN_CONSTANT_CONVERSION = YES;
				CLANG_WARN_DIRECT_OBJC_ISA_USAGE = YES_ERROR;
				CLANG_WARN_DOCUMENTATION_COMMENTS = YES;
				CLANG_WARN_EMPTY_BODY = YES;
				CLANG_WARN_ENUM_CONVERSION = YES;
				CLANG_WARN_INFINITE_RECURSION = YES;
				CLANG_WARN_INT_CONVERSION = YES;
				CLANG_WARN_NON_LITERAL_NULL_CONVERSION = YES;
				CLANG_WARN_OBJC_LITERAL_CONVERSION = YES;
				CLANG_WARN_OBJC_ROOT_CLASS = YES_ERROR;
				CLANG_WARN_RANGE_LOOP_ANALYSIS = YES;
				CLANG_WARN_STRICT_PROTOTYPES = YES;
				CLANG_WARN_SUSPICIOUS_MOVE = YES;
				CLANG_WARN_UNGUARDED_AVAILABILITY = YES_AGGRESSIVE;
				CLANG_WARN_UNREACHABLE_CODE = YES;
				CLANG_WARN__DUPLICATE_METHOD_MATCH = YES;
				CODE_SIGN_IDENTITY = "iPhone Developer";
				COPY_PHASE_STRIP = NO;
				DEBUG_INFORMATION_FORMAT = "dwarf-with-dsym";
				ENABLE_NS_ASSERTIONS = NO;
				ENABLE_STRICT_OBJC_MSGSEND = YES;
				GCC_C_LANGUAGE_STANDARD = gnu11;
				GCC_NO_COMMON_BLOCKS = YES;
				GCC_WARN_64_TO_32_BIT_CONVERSION = YES;
				GCC_WARN_ABOUT_RETURN_TYPE = YES_ERROR;
				GCC_WARN_UNDECLARED_SELECTOR = YES;
				GCC_WARN_UNINITIALIZED_AUTOS = YES_AGGRESSIVE;
				GCC_WARN_UNUSED_FUNCTION = YES;
				GCC_WARN_UNUSED_VARIABLE = YES;
				IPHONEOS_DEPLOYMENT_TARGET = 11.2;
				MTL_ENABLE_DEBUG_INFO = NO;
				SDKROOT = iphoneos;
				SWIFT_OPTIMIZATION_LEVEL = "-Owholemodule";
				VALIDATE_PRODUCT = YES;
			};
			name = Release;
		};
		EBC2889F1FD4ED33005D1CCC /* Debug */ = {
			isa = XCBuildConfiguration;
			buildSettings = {
				ASSETCATALOG_COMPILER_APPICON_NAME = AppIcon;
				CODE_SIGN_STYLE = Automatic;
				DEVELOPMENT_TEAM = A2X2UZ7AEE;
				INFOPLIST_FILE = "$(SRCROOT)/TrackingMealApp/Info.plist";
				LD_RUNPATH_SEARCH_PATHS = "$(inherited) @executable_path/Frameworks";
				PRODUCT_BUNDLE_IDENTIFIER = com.miso.TrackingMealApp;
				PRODUCT_NAME = "$(TARGET_NAME)";
				SWIFT_VERSION = 4.0;
				TARGETED_DEVICE_FAMILY = "1,2";
			};
			name = Debug;
		};
		EBC288A01FD4ED33005D1CCC /* Release */ = {
			isa = XCBuildConfiguration;
			buildSettings = {
				ASSETCATALOG_COMPILER_APPICON_NAME = AppIcon;
				CODE_SIGN_STYLE = Automatic;
				DEVELOPMENT_TEAM = A2X2UZ7AEE;
				INFOPLIST_FILE = "$(SRCROOT)/TrackingMealApp/Info.plist";
				LD_RUNPATH_SEARCH_PATHS = "$(inherited) @executable_path/Frameworks";
				PRODUCT_BUNDLE_IDENTIFIER = com.miso.TrackingMealApp;
				PRODUCT_NAME = "$(TARGET_NAME)";
				SWIFT_VERSION = 4.0;
				TARGETED_DEVICE_FAMILY = "1,2";
			};
			name = Release;
		};
		EBC288A21FD4ED33005D1CCC /* Debug */ = {
			isa = XCBuildConfiguration;
			buildSettings = {
				ALWAYS_EMBED_SWIFT_STANDARD_LIBRARIES = YES;
				BUNDLE_LOADER = "$(TEST_HOST)";
				CODE_SIGN_STYLE = Automatic;
				DEVELOPMENT_TEAM = A2X2UZ7AEE;
				INFOPLIST_FILE = TrackingMealAppTests/Info.plist;
				LD_RUNPATH_SEARCH_PATHS = "$(inherited) @executable_path/Frameworks @loader_path/Frameworks";
				PRODUCT_BUNDLE_IDENTIFIER = "com.miso.TrackingMealApp.Miso-TrackingMealAppTests";
				PRODUCT_NAME = "$(TARGET_NAME)";
				SWIFT_VERSION = 4.0;
				TARGETED_DEVICE_FAMILY = "1,2";
				TEST_HOST = "$(BUILT_PRODUCTS_DIR)/TrackingMealApp.app/TrackingMealApp";
			};
			name = Debug;
		};
		EBC288A31FD4ED33005D1CCC /* Release */ = {
			isa = XCBuildConfiguration;
			buildSettings = {
				ALWAYS_EMBED_SWIFT_STANDARD_LIBRARIES = YES;
				BUNDLE_LOADER = "$(TEST_HOST)";
				CODE_SIGN_STYLE = Automatic;
				DEVELOPMENT_TEAM = A2X2UZ7AEE;
				INFOPLIST_FILE = TrackingMealAppTests/Info.plist;
				LD_RUNPATH_SEARCH_PATHS = "$(inherited) @executable_path/Frameworks @loader_path/Frameworks";
				PRODUCT_BUNDLE_IDENTIFIER = "com.miso.TrackingMealApp.Miso-TrackingMealAppTests";
				PRODUCT_NAME = "$(TARGET_NAME)";
				SWIFT_VERSION = 4.0;
				TARGETED_DEVICE_FAMILY = "1,2";
				TEST_HOST = "$(BUILT_PRODUCTS_DIR)/TrackingMealApp.app/TrackingMealApp";
			};
			name = Release;
		};
/* End XCBuildConfiguration section */

/* Begin XCConfigurationList section */
		EBC288711FD4ED33005D1CCC /* Build configuration list for PBXProject "TrackingMealApp" */ = {
			isa = XCConfigurationList;
			buildConfigurations = (
				EBC2889C1FD4ED33005D1CCC /* Debug */,
				EBC2889D1FD4ED33005D1CCC /* Release */,
			);
			defaultConfigurationIsVisible = 0;
			defaultConfigurationName = Release;
		};
		EBC2889E1FD4ED33005D1CCC /* Build configuration list for PBXNativeTarget "TrackingMealApp" */ = {
			isa = XCConfigurationList;
			buildConfigurations = (
				EBC2889F1FD4ED33005D1CCC /* Debug */,
				EBC288A01FD4ED33005D1CCC /* Release */,
			);
			defaultConfigurationIsVisible = 0;
			defaultConfigurationName = Release;
		};
		EBC288A11FD4ED33005D1CCC /* Build configuration list for PBXNativeTarget "TrackingMealAppTests" */ = {
			isa = XCConfigurationList;
			buildConfigurations = (
				EBC288A21FD4ED33005D1CCC /* Debug */,
				EBC288A31FD4ED33005D1CCC /* Release */,
			);
			defaultConfigurationIsVisible = 0;
			defaultConfigurationName = Release;
		};
/* End XCConfigurationList section */
	};
	rootObject = EBC2886E1FD4ED33005D1CCC /* Project object */;
}
