// !$*UTF8*$!
{
	archiveVersion = 1;
	classes = {
	};
	objectVersion = 48;
	objects = {

/* Begin PBXBuildFile section */
		5E656D5E3EB2C9118DF20314 /* Pods_CPhotoFeedTests.framework in Frameworks */ = {isa = PBXBuildFile; fileRef = C8A2C021B1BB85E006EAC7F2 /* Pods_CPhotoFeedTests.framework */; };
		788DCA1B922028FA103531E5 /* Pods_CPhotoFeedUITests.framework in Frameworks */ = {isa = PBXBuildFile; fileRef = FC58D4C46EB22ECED3EDC3FB /* Pods_CPhotoFeedUITests.framework */; };
		EBB1820D1FE3A72D00366C0F /* AppDelegate.swift in Sources */ = {isa = PBXBuildFile; fileRef = EBB1820C1FE3A72D00366C0F /* AppDelegate.swift */; };
		EBB182121FE3A72D00366C0F /* Main.storyboard in Resources */ = {isa = PBXBuildFile; fileRef = EBB182101FE3A72D00366C0F /* Main.storyboard */; };
		EBB182141FE3A72D00366C0F /* Assets.xcassets in Resources */ = {isa = PBXBuildFile; fileRef = EBB182131FE3A72D00366C0F /* Assets.xcassets */; };
		EBB182171FE3A72D00366C0F /* LaunchScreen.storyboard in Resources */ = {isa = PBXBuildFile; fileRef = EBB182151FE3A72D00366C0F /* LaunchScreen.storyboard */; };
		EBB182221FE3A72D00366C0F /* CPhotoFeedTests.swift in Sources */ = {isa = PBXBuildFile; fileRef = EBB182211FE3A72D00366C0F /* CPhotoFeedTests.swift */; };
		EBB1822D1FE3A72D00366C0F /* CPhotoFeedUITests.swift in Sources */ = {isa = PBXBuildFile; fileRef = EBB1822C1FE3A72D00366C0F /* CPhotoFeedUITests.swift */; };
		EBB1823C1FE3A84500366C0F /* LoginController.swift in Sources */ = {isa = PBXBuildFile; fileRef = EBB1823B1FE3A84500366C0F /* LoginController.swift */; };
		EBB182401FE3B22B00366C0F /* Podfile.lock in Resources */ = {isa = PBXBuildFile; fileRef = EBB1823E1FE3B22A00366C0F /* Podfile.lock */; };
		EBB182411FE3B22B00366C0F /* Podfile in Resources */ = {isa = PBXBuildFile; fileRef = EBB1823F1FE3B22A00366C0F /* Podfile */; };
		EBB182441FE3B28A00366C0F /* APIClient.swift in Sources */ = {isa = PBXBuildFile; fileRef = EBB182431FE3B28A00366C0F /* APIClient.swift */; };
		EBB182471FE3B48000366C0F /* settings.plist in Resources */ = {isa = PBXBuildFile; fileRef = EBB182461FE3B48000366C0F /* settings.plist */; };
		EBB182491FE3B4B800366C0F /* settings.template.plist in Resources */ = {isa = PBXBuildFile; fileRef = EBB182481FE3B4B800366C0F /* settings.template.plist */; };
		EBB1824B1FE3B51100366C0F /* Settings.swift in Sources */ = {isa = PBXBuildFile; fileRef = EBB1824A1FE3B51100366C0F /* Settings.swift */; };
		EBB1824D1FE4D98500366C0F /* MainController.swift in Sources */ = {isa = PBXBuildFile; fileRef = EBB1824C1FE4D98500366C0F /* MainController.swift */; };
		EBB1824F1FE4DB4C00366C0F /* FeedController.swift in Sources */ = {isa = PBXBuildFile; fileRef = EBB1824E1FE4DB4C00366C0F /* FeedController.swift */; };
		EBB182511FE4DB5C00366C0F /* ProfileController.swift in Sources */ = {isa = PBXBuildFile; fileRef = EBB182501FE4DB5C00366C0F /* ProfileController.swift */; };
		EBB182531FE4DB6F00366C0F /* MenuController.swift in Sources */ = {isa = PBXBuildFile; fileRef = EBB182521FE4DB6F00366C0F /* MenuController.swift */; };
		EBB182551FE4DF2800366C0F /* TableController.swift in Sources */ = {isa = PBXBuildFile; fileRef = EBB182541FE4DF2800366C0F /* TableController.swift */; };
		EBB182591FE4E6B900366C0F /* MediaCell.swift in Sources */ = {isa = PBXBuildFile; fileRef = EBB182581FE4E6B900366C0F /* MediaCell.swift */; };
		EBB1825B1FE4E6C800366C0F /* Media.swift in Sources */ = {isa = PBXBuildFile; fileRef = EBB1825A1FE4E6C800366C0F /* Media.swift */; };
		EBB1825D1FE4E77900366C0F /* Image.swift in Sources */ = {isa = PBXBuildFile; fileRef = EBB1825C1FE4E77900366C0F /* Image.swift */; };
		EBB1825F1FE4E78B00366C0F /* User.swift in Sources */ = {isa = PBXBuildFile; fileRef = EBB1825E1FE4E78B00366C0F /* User.swift */; };
		EBB182611FE4E7AB00366C0F /* Comment.swift in Sources */ = {isa = PBXBuildFile; fileRef = EBB182601FE4E7AB00366C0F /* Comment.swift */; };
		EBB182631FE4E7BD00366C0F /* DataHolder.swift in Sources */ = {isa = PBXBuildFile; fileRef = EBB182621FE4E7BD00366C0F /* DataHolder.swift */; };
		EBB182661FE7937800366C0F /* Routers.swift in Sources */ = {isa = PBXBuildFile; fileRef = EBB182651FE7937800366C0F /* Routers.swift */; };
		EBB182681FE79AA500366C0F /* LikesController.storyboard in Resources */ = {isa = PBXBuildFile; fileRef = EBB182671FE79AA500366C0F /* LikesController.storyboard */; };
		EBB1826B1FE79B5100366C0F /* LikesController.swift in Sources */ = {isa = PBXBuildFile; fileRef = EBB1826A1FE79B5100366C0F /* LikesController.swift */; };
		EBB1826D1FE79BD100366C0F /* UserCell.swift in Sources */ = {isa = PBXBuildFile; fileRef = EBB1826C1FE79BD100366C0F /* UserCell.swift */; };
		EBBC1A7C8745AC667CFC3453 /* Pods_CPhotoFeed.framework in Frameworks */ = {isa = PBXBuildFile; fileRef = 90A70439B28DCC98C0203E05 /* Pods_CPhotoFeed.framework */; };
/* End PBXBuildFile section */

/* Begin PBXContainerItemProxy section */
		EBB1821E1FE3A72D00366C0F /* PBXContainerItemProxy */ = {
			isa = PBXContainerItemProxy;
			containerPortal = EBB182011FE3A72D00366C0F /* Project object */;
			proxyType = 1;
			remoteGlobalIDString = EBB182081FE3A72D00366C0F;
			remoteInfo = CPhotoFeed;
		};
		EBB182291FE3A72D00366C0F /* PBXContainerItemProxy */ = {
			isa = PBXContainerItemProxy;
			containerPortal = EBB182011FE3A72D00366C0F /* Project object */;
			proxyType = 1;
			remoteGlobalIDString = EBB182081FE3A72D00366C0F;
			remoteInfo = CPhotoFeed;
		};
/* End PBXContainerItemProxy section */

/* Begin PBXFileReference section */
		2E8BA7103D7DC83A87BC028C /* Pods-CPhotoFeedTests.release.xcconfig */ = {isa = PBXFileReference; includeInIndex = 1; lastKnownFileType = text.xcconfig; name = "Pods-CPhotoFeedTests.release.xcconfig"; path = "Pods/Target Support Files/Pods-CPhotoFeedTests/Pods-CPhotoFeedTests.release.xcconfig"; sourceTree = "<group>"; };
		5BF22C29168EC9B32C1B2886 /* Pods-CPhotoFeed.debug.xcconfig */ = {isa = PBXFileReference; includeInIndex = 1; lastKnownFileType = text.xcconfig; name = "Pods-CPhotoFeed.debug.xcconfig"; path = "Pods/Target Support Files/Pods-CPhotoFeed/Pods-CPhotoFeed.debug.xcconfig"; sourceTree = "<group>"; };
		90A70439B28DCC98C0203E05 /* Pods_CPhotoFeed.framework */ = {isa = PBXFileReference; explicitFileType = wrapper.framework; includeInIndex = 0; path = Pods_CPhotoFeed.framework; sourceTree = BUILT_PRODUCTS_DIR; };
		AEFAD39E2FA50828CDB6C60F /* Pods-CPhotoFeedUITests.release.xcconfig */ = {isa = PBXFileReference; includeInIndex = 1; lastKnownFileType = text.xcconfig; name = "Pods-CPhotoFeedUITests.release.xcconfig"; path = "Pods/Target Support Files/Pods-CPhotoFeedUITests/Pods-CPhotoFeedUITests.release.xcconfig"; sourceTree = "<group>"; };
		B155EC47A106BCEE3ADA9076 /* Pods-CPhotoFeedUITests.debug.xcconfig */ = {isa = PBXFileReference; includeInIndex = 1; lastKnownFileType = text.xcconfig; name = "Pods-CPhotoFeedUITests.debug.xcconfig"; path = "Pods/Target Support Files/Pods-CPhotoFeedUITests/Pods-CPhotoFeedUITests.debug.xcconfig"; sourceTree = "<group>"; };
		C8A2C021B1BB85E006EAC7F2 /* Pods_CPhotoFeedTests.framework */ = {isa = PBXFileReference; explicitFileType = wrapper.framework; includeInIndex = 0; path = Pods_CPhotoFeedTests.framework; sourceTree = BUILT_PRODUCTS_DIR; };
		EBB182091FE3A72D00366C0F /* CPhotoFeed.app */ = {isa = PBXFileReference; explicitFileType = wrapper.application; includeInIndex = 0; path = CPhotoFeed.app; sourceTree = BUILT_PRODUCTS_DIR; };
		EBB1820C1FE3A72D00366C0F /* AppDelegate.swift */ = {isa = PBXFileReference; lastKnownFileType = sourcecode.swift; path = AppDelegate.swift; sourceTree = "<group>"; };
		EBB182111FE3A72D00366C0F /* Base */ = {isa = PBXFileReference; lastKnownFileType = file.storyboard; name = Base; path = Base.lproj/Main.storyboard; sourceTree = "<group>"; };
		EBB182131FE3A72D00366C0F /* Assets.xcassets */ = {isa = PBXFileReference; lastKnownFileType = folder.assetcatalog; path = Assets.xcassets; sourceTree = "<group>"; };
		EBB182161FE3A72D00366C0F /* Base */ = {isa = PBXFileReference; lastKnownFileType = file.storyboard; name = Base; path = Base.lproj/LaunchScreen.storyboard; sourceTree = "<group>"; };
		EBB182181FE3A72D00366C0F /* Info.plist */ = {isa = PBXFileReference; lastKnownFileType = text.plist.xml; path = Info.plist; sourceTree = "<group>"; };
		EBB1821D1FE3A72D00366C0F /* CPhotoFeedTests.xctest */ = {isa = PBXFileReference; explicitFileType = wrapper.cfbundle; includeInIndex = 0; path = CPhotoFeedTests.xctest; sourceTree = BUILT_PRODUCTS_DIR; };
		EBB182211FE3A72D00366C0F /* CPhotoFeedTests.swift */ = {isa = PBXFileReference; lastKnownFileType = sourcecode.swift; path = CPhotoFeedTests.swift; sourceTree = "<group>"; };
		EBB182231FE3A72D00366C0F /* Info.plist */ = {isa = PBXFileReference; lastKnownFileType = text.plist.xml; path = Info.plist; sourceTree = "<group>"; };
		EBB182281FE3A72D00366C0F /* CPhotoFeedUITests.xctest */ = {isa = PBXFileReference; explicitFileType = wrapper.cfbundle; includeInIndex = 0; path = CPhotoFeedUITests.xctest; sourceTree = BUILT_PRODUCTS_DIR; };
		EBB1822C1FE3A72D00366C0F /* CPhotoFeedUITests.swift */ = {isa = PBXFileReference; lastKnownFileType = sourcecode.swift; path = CPhotoFeedUITests.swift; sourceTree = "<group>"; };
		EBB1822E1FE3A72D00366C0F /* Info.plist */ = {isa = PBXFileReference; lastKnownFileType = text.plist.xml; path = Info.plist; sourceTree = "<group>"; };
		EBB1823B1FE3A84500366C0F /* LoginController.swift */ = {isa = PBXFileReference; lastKnownFileType = sourcecode.swift; path = LoginController.swift; sourceTree = "<group>"; };
		EBB1823E1FE3B22A00366C0F /* Podfile.lock */ = {isa = PBXFileReference; fileEncoding = 4; lastKnownFileType = text; path = Podfile.lock; sourceTree = "<group>"; };
		EBB1823F1FE3B22A00366C0F /* Podfile */ = {isa = PBXFileReference; fileEncoding = 4; lastKnownFileType = text; path = Podfile; sourceTree = "<group>"; };
		EBB182431FE3B28A00366C0F /* APIClient.swift */ = {isa = PBXFileReference; lastKnownFileType = sourcecode.swift; path = APIClient.swift; sourceTree = "<group>"; };
		EBB182461FE3B48000366C0F /* settings.plist */ = {isa = PBXFileReference; lastKnownFileType = text.plist.xml; path = settings.plist; sourceTree = "<group>"; };
		EBB182481FE3B4B800366C0F /* settings.template.plist */ = {isa = PBXFileReference; lastKnownFileType = text.plist.xml; path = settings.template.plist; sourceTree = "<group>"; };
		EBB1824A1FE3B51100366C0F /* Settings.swift */ = {isa = PBXFileReference; lastKnownFileType = sourcecode.swift; path = Settings.swift; sourceTree = "<group>"; };
		EBB1824C1FE4D98500366C0F /* MainController.swift */ = {isa = PBXFileReference; lastKnownFileType = sourcecode.swift; path = MainController.swift; sourceTree = "<group>"; };
		EBB1824E1FE4DB4C00366C0F /* FeedController.swift */ = {isa = PBXFileReference; lastKnownFileType = sourcecode.swift; path = FeedController.swift; sourceTree = "<group>"; };
		EBB182501FE4DB5C00366C0F /* ProfileController.swift */ = {isa = PBXFileReference; lastKnownFileType = sourcecode.swift; path = ProfileController.swift; sourceTree = "<group>"; };
		EBB182521FE4DB6F00366C0F /* MenuController.swift */ = {isa = PBXFileReference; lastKnownFileType = sourcecode.swift; path = MenuController.swift; sourceTree = "<group>"; };
		EBB182541FE4DF2800366C0F /* TableController.swift */ = {isa = PBXFileReference; lastKnownFileType = sourcecode.swift; path = TableController.swift; sourceTree = "<group>"; };
		EBB182581FE4E6B900366C0F /* MediaCell.swift */ = {isa = PBXFileReference; lastKnownFileType = sourcecode.swift; path = MediaCell.swift; sourceTree = "<group>"; };
		EBB1825A1FE4E6C800366C0F /* Media.swift */ = {isa = PBXFileReference; lastKnownFileType = sourcecode.swift; path = Media.swift; sourceTree = "<group>"; };
		EBB1825C1FE4E77900366C0F /* Image.swift */ = {isa = PBXFileReference; lastKnownFileType = sourcecode.swift; path = Image.swift; sourceTree = "<group>"; };
		EBB1825E1FE4E78B00366C0F /* User.swift */ = {isa = PBXFileReference; lastKnownFileType = sourcecode.swift; path = User.swift; sourceTree = "<group>"; };
		EBB182601FE4E7AB00366C0F /* Comment.swift */ = {isa = PBXFileReference; lastKnownFileType = sourcecode.swift; path = Comment.swift; sourceTree = "<group>"; };
		EBB182621FE4E7BD00366C0F /* DataHolder.swift */ = {isa = PBXFileReference; lastKnownFileType = sourcecode.swift; path = DataHolder.swift; sourceTree = "<group>"; };
		EBB182651FE7937800366C0F /* Routers.swift */ = {isa = PBXFileReference; lastKnownFileType = sourcecode.swift; path = Routers.swift; sourceTree = "<group>"; };
		EBB182671FE79AA500366C0F /* LikesController.storyboard */ = {isa = PBXFileReference; lastKnownFileType = file.storyboard; path = LikesController.storyboard; sourceTree = "<group>"; };
		EBB1826A1FE79B5100366C0F /* LikesController.swift */ = {isa = PBXFileReference; lastKnownFileType = sourcecode.swift; path = LikesController.swift; sourceTree = "<group>"; };
		EBB1826C1FE79BD100366C0F /* UserCell.swift */ = {isa = PBXFileReference; lastKnownFileType = sourcecode.swift; path = UserCell.swift; sourceTree = "<group>"; };
		EEFCDF2F3D322296901351E8 /* Pods-CPhotoFeedTests.debug.xcconfig */ = {isa = PBXFileReference; includeInIndex = 1; lastKnownFileType = text.xcconfig; name = "Pods-CPhotoFeedTests.debug.xcconfig"; path = "Pods/Target Support Files/Pods-CPhotoFeedTests/Pods-CPhotoFeedTests.debug.xcconfig"; sourceTree = "<group>"; };
		F31375677ED1F1AAEA04C998 /* Pods-CPhotoFeed.release.xcconfig */ = {isa = PBXFileReference; includeInIndex = 1; lastKnownFileType = text.xcconfig; name = "Pods-CPhotoFeed.release.xcconfig"; path = "Pods/Target Support Files/Pods-CPhotoFeed/Pods-CPhotoFeed.release.xcconfig"; sourceTree = "<group>"; };
		FC58D4C46EB22ECED3EDC3FB /* Pods_CPhotoFeedUITests.framework */ = {isa = PBXFileReference; explicitFileType = wrapper.framework; includeInIndex = 0; path = Pods_CPhotoFeedUITests.framework; sourceTree = BUILT_PRODUCTS_DIR; };
/* End PBXFileReference section */

/* Begin PBXFrameworksBuildPhase section */
		EBB182061FE3A72D00366C0F /* Frameworks */ = {
			isa = PBXFrameworksBuildPhase;
			buildActionMask = 2147483647;
			files = (
				EBBC1A7C8745AC667CFC3453 /* Pods_CPhotoFeed.framework in Frameworks */,
			);
			runOnlyForDeploymentPostprocessing = 0;
		};
		EBB1821A1FE3A72D00366C0F /* Frameworks */ = {
			isa = PBXFrameworksBuildPhase;
			buildActionMask = 2147483647;
			files = (
				5E656D5E3EB2C9118DF20314 /* Pods_CPhotoFeedTests.framework in Frameworks */,
			);
			runOnlyForDeploymentPostprocessing = 0;
		};
		EBB182251FE3A72D00366C0F /* Frameworks */ = {
			isa = PBXFrameworksBuildPhase;
			buildActionMask = 2147483647;
			files = (
				788DCA1B922028FA103531E5 /* Pods_CPhotoFeedUITests.framework in Frameworks */,
			);
			runOnlyForDeploymentPostprocessing = 0;
		};
/* End PBXFrameworksBuildPhase section */

/* Begin PBXGroup section */
		51658D64EEB4EAC8DA6BF75A /* Frameworks */ = {
			isa = PBXGroup;
			children = (
				90A70439B28DCC98C0203E05 /* Pods_CPhotoFeed.framework */,
				C8A2C021B1BB85E006EAC7F2 /* Pods_CPhotoFeedTests.framework */,
				FC58D4C46EB22ECED3EDC3FB /* Pods_CPhotoFeedUITests.framework */,
			);
			name = Frameworks;
			sourceTree = "<group>";
		};
		B7E5E6B04E49F90C7E6C13CC /* Pods */ = {
			isa = PBXGroup;
			children = (
				5BF22C29168EC9B32C1B2886 /* Pods-CPhotoFeed.debug.xcconfig */,
				F31375677ED1F1AAEA04C998 /* Pods-CPhotoFeed.release.xcconfig */,
				EEFCDF2F3D322296901351E8 /* Pods-CPhotoFeedTests.debug.xcconfig */,
				2E8BA7103D7DC83A87BC028C /* Pods-CPhotoFeedTests.release.xcconfig */,
				B155EC47A106BCEE3ADA9076 /* Pods-CPhotoFeedUITests.debug.xcconfig */,
				AEFAD39E2FA50828CDB6C60F /* Pods-CPhotoFeedUITests.release.xcconfig */,
			);
			name = Pods;
			sourceTree = "<group>";
		};
		EBB182001FE3A72D00366C0F = {
			isa = PBXGroup;
			children = (
				EBB1823F1FE3B22A00366C0F /* Podfile */,
				EBB1823E1FE3B22A00366C0F /* Podfile.lock */,
				EBB1820B1FE3A72D00366C0F /* CPhotoFeed */,
				EBB182201FE3A72D00366C0F /* CPhotoFeedTests */,
				EBB1822B1FE3A72D00366C0F /* CPhotoFeedUITests */,
				EBB1820A1FE3A72D00366C0F /* Products */,
				B7E5E6B04E49F90C7E6C13CC /* Pods */,
				51658D64EEB4EAC8DA6BF75A /* Frameworks */,
			);
			sourceTree = "<group>";
		};
		EBB1820A1FE3A72D00366C0F /* Products */ = {
			isa = PBXGroup;
			children = (
				EBB182091FE3A72D00366C0F /* CPhotoFeed.app */,
				EBB1821D1FE3A72D00366C0F /* CPhotoFeedTests.xctest */,
				EBB182281FE3A72D00366C0F /* CPhotoFeedUITests.xctest */,
			);
			name = Products;
			sourceTree = "<group>";
		};
		EBB1820B1FE3A72D00366C0F /* CPhotoFeed */ = {
			isa = PBXGroup;
			children = (
				EBB182691FE79AB000366C0F /* Storyboard */,
				EBB182641FE7936800366C0F /* Routing */,
				EBB182571FE4E68E00366C0F /* Models */,
				EBB182561FE4E68500366C0F /* Views */,
				EBB182451FE3B45300366C0F /* Secret */,
				EBB182421FE3B27100366C0F /* Library */,
				EBB1823A1FE3A83400366C0F /* Controllers */,
				EBB1820C1FE3A72D00366C0F /* AppDelegate.swift */,
				EBB182131FE3A72D00366C0F /* Assets.xcassets */,
				EBB182181FE3A72D00366C0F /* Info.plist */,
			);
			path = CPhotoFeed;
			sourceTree = "<group>";
		};
		EBB182201FE3A72D00366C0F /* CPhotoFeedTests */ = {
			isa = PBXGroup;
			children = (
				EBB182211FE3A72D00366C0F /* CPhotoFeedTests.swift */,
				EBB182231FE3A72D00366C0F /* Info.plist */,
			);
			path = CPhotoFeedTests;
			sourceTree = "<group>";
		};
		EBB1822B1FE3A72D00366C0F /* CPhotoFeedUITests */ = {
			isa = PBXGroup;
			children = (
				EBB1822C1FE3A72D00366C0F /* CPhotoFeedUITests.swift */,
				EBB1822E1FE3A72D00366C0F /* Info.plist */,
			);
			path = CPhotoFeedUITests;
			sourceTree = "<group>";
		};
		EBB1823A1FE3A83400366C0F /* Controllers */ = {
			isa = PBXGroup;
			children = (
				EBB1823B1FE3A84500366C0F /* LoginController.swift */,
				EBB1824C1FE4D98500366C0F /* MainController.swift */,
				EBB1824E1FE4DB4C00366C0F /* FeedController.swift */,
				EBB182501FE4DB5C00366C0F /* ProfileController.swift */,
				EBB182521FE4DB6F00366C0F /* MenuController.swift */,
				EBB1826A1FE79B5100366C0F /* LikesController.swift */,
			);
			path = Controllers;
			sourceTree = "<group>";
		};
		EBB182421FE3B27100366C0F /* Library */ = {
			isa = PBXGroup;
			children = (
				EBB182431FE3B28A00366C0F /* APIClient.swift */,
				EBB1824A1FE3B51100366C0F /* Settings.swift */,
				EBB182541FE4DF2800366C0F /* TableController.swift */,
			);
			path = Library;
			sourceTree = "<group>";
		};
		EBB182451FE3B45300366C0F /* Secret */ = {
			isa = PBXGroup;
			children = (
				EBB182461FE3B48000366C0F /* settings.plist */,
				EBB182481FE3B4B800366C0F /* settings.template.plist */,
			);
			path = Secret;
			sourceTree = "<group>";
		};
		EBB182561FE4E68500366C0F /* Views */ = {
			isa = PBXGroup;
			children = (
				EBB182581FE4E6B900366C0F /* MediaCell.swift */,
				EBB1826C1FE79BD100366C0F /* UserCell.swift */,
			);
			path = Views;
			sourceTree = "<group>";
		};
		EBB182571FE4E68E00366C0F /* Models */ = {
			isa = PBXGroup;
			children = (
				EBB1825A1FE4E6C800366C0F /* Media.swift */,
				EBB1825C1FE4E77900366C0F /* Image.swift */,
				EBB1825E1FE4E78B00366C0F /* User.swift */,
				EBB182601FE4E7AB00366C0F /* Comment.swift */,
				EBB182621FE4E7BD00366C0F /* DataHolder.swift */,
			);
			path = Models;
			sourceTree = "<group>";
		};
		EBB182641FE7936800366C0F /* Routing */ = {
			isa = PBXGroup;
			children = (
				EBB182651FE7937800366C0F /* Routers.swift */,
			);
			path = Routing;
			sourceTree = "<group>";
		};
		EBB182691FE79AB000366C0F /* Storyboard */ = {
			isa = PBXGroup;
			children = (
				EBB182151FE3A72D00366C0F /* LaunchScreen.storyboard */,
				EBB182101FE3A72D00366C0F /* Main.storyboard */,
				EBB182671FE79AA500366C0F /* LikesController.storyboard */,
			);
			path = Storyboard;
			sourceTree = "<group>";
		};
/* End PBXGroup section */

/* Begin PBXNativeTarget section */
		EBB182081FE3A72D00366C0F /* CPhotoFeed */ = {
			isa = PBXNativeTarget;
			buildConfigurationList = EBB182311FE3A72D00366C0F /* Build configuration list for PBXNativeTarget "CPhotoFeed" */;
			buildPhases = (
				42389F12CAAC61BD90838C38 /* [CP] Check Pods Manifest.lock */,
				EBB182051FE3A72D00366C0F /* Sources */,
				EBB182061FE3A72D00366C0F /* Frameworks */,
				EBB182071FE3A72D00366C0F /* Resources */,
				EBB1823D1FE3AB3500366C0F /* SwiftLint */,
				ED215958349BD07BFF96F347 /* [CP] Embed Pods Frameworks */,
				94E2308F40DAD93A83A65788 /* [CP] Copy Pods Resources */,
			);
			buildRules = (
			);
			dependencies = (
			);
			name = CPhotoFeed;
			productName = CPhotoFeed;
			productReference = EBB182091FE3A72D00366C0F /* CPhotoFeed.app */;
			productType = "com.apple.product-type.application";
		};
		EBB1821C1FE3A72D00366C0F /* CPhotoFeedTests */ = {
			isa = PBXNativeTarget;
			buildConfigurationList = EBB182341FE3A72D00366C0F /* Build configuration list for PBXNativeTarget "CPhotoFeedTests" */;
			buildPhases = (
				66084D6EDDBC814621F40850 /* [CP] Check Pods Manifest.lock */,
				EBB182191FE3A72D00366C0F /* Sources */,
				EBB1821A1FE3A72D00366C0F /* Frameworks */,
				EBB1821B1FE3A72D00366C0F /* Resources */,
				47F04469E164FDA628F4BCB7 /* [CP] Embed Pods Frameworks */,
				D93E2DC1BC81EEB2BEB190EF /* [CP] Copy Pods Resources */,
			);
			buildRules = (
			);
			dependencies = (
				EBB1821F1FE3A72D00366C0F /* PBXTargetDependency */,
			);
			name = CPhotoFeedTests;
			productName = CPhotoFeedTests;
			productReference = EBB1821D1FE3A72D00366C0F /* CPhotoFeedTests.xctest */;
			productType = "com.apple.product-type.bundle.unit-test";
		};
		EBB182271FE3A72D00366C0F /* CPhotoFeedUITests */ = {
			isa = PBXNativeTarget;
			buildConfigurationList = EBB182371FE3A72D00366C0F /* Build configuration list for PBXNativeTarget "CPhotoFeedUITests" */;
			buildPhases = (
				A05A7018A5B025BBD936B3CB /* [CP] Check Pods Manifest.lock */,
				EBB182241FE3A72D00366C0F /* Sources */,
				EBB182251FE3A72D00366C0F /* Frameworks */,
				EBB182261FE3A72D00366C0F /* Resources */,
				31BF10905BB43F1AF96A0942 /* [CP] Embed Pods Frameworks */,
				5AB6001E0DFA59427DF3777B /* [CP] Copy Pods Resources */,
			);
			buildRules = (
			);
			dependencies = (
				EBB1822A1FE3A72D00366C0F /* PBXTargetDependency */,
			);
			name = CPhotoFeedUITests;
			productName = CPhotoFeedUITests;
			productReference = EBB182281FE3A72D00366C0F /* CPhotoFeedUITests.xctest */;
			productType = "com.apple.product-type.bundle.ui-testing";
		};
/* End PBXNativeTarget section */

/* Begin PBXProject section */
		EBB182011FE3A72D00366C0F /* Project object */ = {
			isa = PBXProject;
			attributes = {
				LastSwiftUpdateCheck = 0920;
				LastUpgradeCheck = 0920;
				ORGANIZATIONNAME = "Hiroka Yago";
				TargetAttributes = {
					EBB182081FE3A72D00366C0F = {
						CreatedOnToolsVersion = 9.2;
						ProvisioningStyle = Automatic;
					};
					EBB1821C1FE3A72D00366C0F = {
						CreatedOnToolsVersion = 9.2;
						ProvisioningStyle = Automatic;
						TestTargetID = EBB182081FE3A72D00366C0F;
					};
					EBB182271FE3A72D00366C0F = {
						CreatedOnToolsVersion = 9.2;
						ProvisioningStyle = Automatic;
						TestTargetID = EBB182081FE3A72D00366C0F;
					};
				};
			};
			buildConfigurationList = EBB182041FE3A72D00366C0F /* Build configuration list for PBXProject "CPhotoFeed" */;
			compatibilityVersion = "Xcode 8.0";
			developmentRegion = en;
			hasScannedForEncodings = 0;
			knownRegions = (
				en,
				Base,
			);
			mainGroup = EBB182001FE3A72D00366C0F;
			productRefGroup = EBB1820A1FE3A72D00366C0F /* Products */;
			projectDirPath = "";
			projectRoot = "";
			targets = (
				EBB182081FE3A72D00366C0F /* CPhotoFeed */,
				EBB1821C1FE3A72D00366C0F /* CPhotoFeedTests */,
				EBB182271FE3A72D00366C0F /* CPhotoFeedUITests */,
			);
		};
/* End PBXProject section */

/* Begin PBXResourcesBuildPhase section */
		EBB182071FE3A72D00366C0F /* Resources */ = {
			isa = PBXResourcesBuildPhase;
			buildActionMask = 2147483647;
			files = (
				EBB182411FE3B22B00366C0F /* Podfile in Resources */,
				EBB182471FE3B48000366C0F /* settings.plist in Resources */,
				EBB182171FE3A72D00366C0F /* LaunchScreen.storyboard in Resources */,
				EBB182491FE3B4B800366C0F /* settings.template.plist in Resources */,
				EBB182141FE3A72D00366C0F /* Assets.xcassets in Resources */,
				EBB182681FE79AA500366C0F /* LikesController.storyboard in Resources */,
				EBB182401FE3B22B00366C0F /* Podfile.lock in Resources */,
				EBB182121FE3A72D00366C0F /* Main.storyboard in Resources */,
			);
			runOnlyForDeploymentPostprocessing = 0;
		};
		EBB1821B1FE3A72D00366C0F /* Resources */ = {
			isa = PBXResourcesBuildPhase;
			buildActionMask = 2147483647;
			files = (
			);
			runOnlyForDeploymentPostprocessing = 0;
		};
		EBB182261FE3A72D00366C0F /* Resources */ = {
			isa = PBXResourcesBuildPhase;
			buildActionMask = 2147483647;
			files = (
			);
			runOnlyForDeploymentPostprocessing = 0;
		};
/* End PBXResourcesBuildPhase section */

/* Begin PBXShellScriptBuildPhase section */
		31BF10905BB43F1AF96A0942 /* [CP] Embed Pods Frameworks */ = {
			isa = PBXShellScriptBuildPhase;
			buildActionMask = 2147483647;
			files = (
			);
			inputPaths = (
			);
			name = "[CP] Embed Pods Frameworks";
			outputPaths = (
			);
			runOnlyForDeploymentPostprocessing = 0;
			shellPath = /bin/sh;
			shellScript = "\"${SRCROOT}/Pods/Target Support Files/Pods-CPhotoFeedUITests/Pods-CPhotoFeedUITests-frameworks.sh\"\n";
			showEnvVarsInLog = 0;
		};
		42389F12CAAC61BD90838C38 /* [CP] Check Pods Manifest.lock */ = {
			isa = PBXShellScriptBuildPhase;
			buildActionMask = 2147483647;
			files = (
			);
			inputPaths = (
				"${PODS_PODFILE_DIR_PATH}/Podfile.lock",
				"${PODS_ROOT}/Manifest.lock",
			);
			name = "[CP] Check Pods Manifest.lock";
			outputPaths = (
				"$(DERIVED_FILE_DIR)/Pods-CPhotoFeed-checkManifestLockResult.txt",
			);
			runOnlyForDeploymentPostprocessing = 0;
			shellPath = /bin/sh;
			shellScript = "diff \"${PODS_PODFILE_DIR_PATH}/Podfile.lock\" \"${PODS_ROOT}/Manifest.lock\" > /dev/null\nif [ $? != 0 ] ; then\n    # print error to STDERR\n    echo \"error: The sandbox is not in sync with the Podfile.lock. Run 'pod install' or update your CocoaPods installation.\" >&2\n    exit 1\nfi\n# This output is used by Xcode 'outputs' to avoid re-running this script phase.\necho \"SUCCESS\" > \"${SCRIPT_OUTPUT_FILE_0}\"\n";
			showEnvVarsInLog = 0;
		};
		47F04469E164FDA628F4BCB7 /* [CP] Embed Pods Frameworks */ = {
			isa = PBXShellScriptBuildPhase;
			buildActionMask = 2147483647;
			files = (
			);
			inputPaths = (
			);
			name = "[CP] Embed Pods Frameworks";
			outputPaths = (
			);
			runOnlyForDeploymentPostprocessing = 0;
			shellPath = /bin/sh;
			shellScript = "\"${SRCROOT}/Pods/Target Support Files/Pods-CPhotoFeedTests/Pods-CPhotoFeedTests-frameworks.sh\"\n";
			showEnvVarsInLog = 0;
		};
		5AB6001E0DFA59427DF3777B /* [CP] Copy Pods Resources */ = {
			isa = PBXShellScriptBuildPhase;
			buildActionMask = 2147483647;
			files = (
			);
			inputPaths = (
			);
			name = "[CP] Copy Pods Resources";
			outputPaths = (
			);
			runOnlyForDeploymentPostprocessing = 0;
			shellPath = /bin/sh;
			shellScript = "\"${SRCROOT}/Pods/Target Support Files/Pods-CPhotoFeedUITests/Pods-CPhotoFeedUITests-resources.sh\"\n";
			showEnvVarsInLog = 0;
		};
		66084D6EDDBC814621F40850 /* [CP] Check Pods Manifest.lock */ = {
			isa = PBXShellScriptBuildPhase;
			buildActionMask = 2147483647;
			files = (
			);
			inputPaths = (
				"${PODS_PODFILE_DIR_PATH}/Podfile.lock",
				"${PODS_ROOT}/Manifest.lock",
			);
			name = "[CP] Check Pods Manifest.lock";
			outputPaths = (
				"$(DERIVED_FILE_DIR)/Pods-CPhotoFeedTests-checkManifestLockResult.txt",
			);
			runOnlyForDeploymentPostprocessing = 0;
			shellPath = /bin/sh;
			shellScript = "diff \"${PODS_PODFILE_DIR_PATH}/Podfile.lock\" \"${PODS_ROOT}/Manifest.lock\" > /dev/null\nif [ $? != 0 ] ; then\n    # print error to STDERR\n    echo \"error: The sandbox is not in sync with the Podfile.lock. Run 'pod install' or update your CocoaPods installation.\" >&2\n    exit 1\nfi\n# This output is used by Xcode 'outputs' to avoid re-running this script phase.\necho \"SUCCESS\" > \"${SCRIPT_OUTPUT_FILE_0}\"\n";
			showEnvVarsInLog = 0;
		};
		94E2308F40DAD93A83A65788 /* [CP] Copy Pods Resources */ = {
			isa = PBXShellScriptBuildPhase;
			buildActionMask = 2147483647;
			files = (
			);
			inputPaths = (
			);
			name = "[CP] Copy Pods Resources";
			outputPaths = (
			);
			runOnlyForDeploymentPostprocessing = 0;
			shellPath = /bin/sh;
			shellScript = "\"${SRCROOT}/Pods/Target Support Files/Pods-CPhotoFeed/Pods-CPhotoFeed-resources.sh\"\n";
			showEnvVarsInLog = 0;
		};
		A05A7018A5B025BBD936B3CB /* [CP] Check Pods Manifest.lock */ = {
			isa = PBXShellScriptBuildPhase;
			buildActionMask = 2147483647;
			files = (
			);
			inputPaths = (
				"${PODS_PODFILE_DIR_PATH}/Podfile.lock",
				"${PODS_ROOT}/Manifest.lock",
			);
			name = "[CP] Check Pods Manifest.lock";
			outputPaths = (
				"$(DERIVED_FILE_DIR)/Pods-CPhotoFeedUITests-checkManifestLockResult.txt",
			);
			runOnlyForDeploymentPostprocessing = 0;
			shellPath = /bin/sh;
			shellScript = "diff \"${PODS_PODFILE_DIR_PATH}/Podfile.lock\" \"${PODS_ROOT}/Manifest.lock\" > /dev/null\nif [ $? != 0 ] ; then\n    # print error to STDERR\n    echo \"error: The sandbox is not in sync with the Podfile.lock. Run 'pod install' or update your CocoaPods installation.\" >&2\n    exit 1\nfi\n# This output is used by Xcode 'outputs' to avoid re-running this script phase.\necho \"SUCCESS\" > \"${SCRIPT_OUTPUT_FILE_0}\"\n";
			showEnvVarsInLog = 0;
		};
		D93E2DC1BC81EEB2BEB190EF /* [CP] Copy Pods Resources */ = {
			isa = PBXShellScriptBuildPhase;
			buildActionMask = 2147483647;
			files = (
			);
			inputPaths = (
			);
			name = "[CP] Copy Pods Resources";
			outputPaths = (
			);
			runOnlyForDeploymentPostprocessing = 0;
			shellPath = /bin/sh;
			shellScript = "\"${SRCROOT}/Pods/Target Support Files/Pods-CPhotoFeedTests/Pods-CPhotoFeedTests-resources.sh\"\n";
			showEnvVarsInLog = 0;
		};
		EBB1823D1FE3AB3500366C0F /* SwiftLint */ = {
			isa = PBXShellScriptBuildPhase;
			buildActionMask = 2147483647;
			files = (
			);
			inputPaths = (
			);
			name = SwiftLint;
			outputPaths = (
			);
			runOnlyForDeploymentPostprocessing = 0;
			shellPath = /bin/sh;
			shellScript = "if which swiftlint >/dev/null; then\nswiftlint autocorrect\nelse\necho \"SwiftLint does not exist, download from https://github.com/realm/SwiftLint\"\nfi";
		};
		ED215958349BD07BFF96F347 /* [CP] Embed Pods Frameworks */ = {
			isa = PBXShellScriptBuildPhase;
			buildActionMask = 2147483647;
			files = (
			);
			inputPaths = (
				"${SRCROOT}/Pods/Target Support Files/Pods-CPhotoFeed/Pods-CPhotoFeed-frameworks.sh",
				"${BUILT_PRODUCTS_DIR}/Alamofire/Alamofire.framework",
				"${BUILT_PRODUCTS_DIR}/Anchors/Anchors.framework",
				"${BUILT_PRODUCTS_DIR}/Compass/Compass.framework",
				"${BUILT_PRODUCTS_DIR}/Kingfisher/Kingfisher.framework",
				"${BUILT_PRODUCTS_DIR}/Pastel/Pastel.framework",
			);
			name = "[CP] Embed Pods Frameworks";
			outputPaths = (
				"${TARGET_BUILD_DIR}/${FRAMEWORKS_FOLDER_PATH}/Alamofire.framework",
				"${TARGET_BUILD_DIR}/${FRAMEWORKS_FOLDER_PATH}/Anchors.framework",
				"${TARGET_BUILD_DIR}/${FRAMEWORKS_FOLDER_PATH}/Compass.framework",
				"${TARGET_BUILD_DIR}/${FRAMEWORKS_FOLDER_PATH}/Kingfisher.framework",
				"${TARGET_BUILD_DIR}/${FRAMEWORKS_FOLDER_PATH}/Pastel.framework",
			);
			runOnlyForDeploymentPostprocessing = 0;
			shellPath = /bin/sh;
			shellScript = "\"${SRCROOT}/Pods/Target Support Files/Pods-CPhotoFeed/Pods-CPhotoFeed-frameworks.sh\"\n";
			showEnvVarsInLog = 0;
		};
/* End PBXShellScriptBuildPhase section */

/* Begin PBXSourcesBuildPhase section */
		EBB182051FE3A72D00366C0F /* Sources */ = {
			isa = PBXSourcesBuildPhase;
			buildActionMask = 2147483647;
			files = (
				EBB1825F1FE4E78B00366C0F /* User.swift in Sources */,
				EBB182631FE4E7BD00366C0F /* DataHolder.swift in Sources */,
				EBB1825B1FE4E6C800366C0F /* Media.swift in Sources */,
				EBB1825D1FE4E77900366C0F /* Image.swift in Sources */,
				EBB182611FE4E7AB00366C0F /* Comment.swift in Sources */,
				EBB1826B1FE79B5100366C0F /* LikesController.swift in Sources */,
				EBB182531FE4DB6F00366C0F /* MenuController.swift in Sources */,
				EBB182511FE4DB5C00366C0F /* ProfileController.swift in Sources */,
				EBB182591FE4E6B900366C0F /* MediaCell.swift in Sources */,
				EBB1823C1FE3A84500366C0F /* LoginController.swift in Sources */,
				EBB182551FE4DF2800366C0F /* TableController.swift in Sources */,
				EBB1824F1FE4DB4C00366C0F /* FeedController.swift in Sources */,
				EBB1824B1FE3B51100366C0F /* Settings.swift in Sources */,
				EBB182661FE7937800366C0F /* Routers.swift in Sources */,
				EBB1826D1FE79BD100366C0F /* UserCell.swift in Sources */,
				EBB1820D1FE3A72D00366C0F /* AppDelegate.swift in Sources */,
				EBB182441FE3B28A00366C0F /* APIClient.swift in Sources */,
				EBB1824D1FE4D98500366C0F /* MainController.swift in Sources */,
			);
			runOnlyForDeploymentPostprocessing = 0;
		};
		EBB182191FE3A72D00366C0F /* Sources */ = {
			isa = PBXSourcesBuildPhase;
			buildActionMask = 2147483647;
			files = (
				EBB182221FE3A72D00366C0F /* CPhotoFeedTests.swift in Sources */,
			);
			runOnlyForDeploymentPostprocessing = 0;
		};
		EBB182241FE3A72D00366C0F /* Sources */ = {
			isa = PBXSourcesBuildPhase;
			buildActionMask = 2147483647;
			files = (
				EBB1822D1FE3A72D00366C0F /* CPhotoFeedUITests.swift in Sources */,
			);
			runOnlyForDeploymentPostprocessing = 0;
		};
/* End PBXSourcesBuildPhase section */

/* Begin PBXTargetDependency section */
		EBB1821F1FE3A72D00366C0F /* PBXTargetDependency */ = {
			isa = PBXTargetDependency;
			target = EBB182081FE3A72D00366C0F /* CPhotoFeed */;
			targetProxy = EBB1821E1FE3A72D00366C0F /* PBXContainerItemProxy */;
		};
		EBB1822A1FE3A72D00366C0F /* PBXTargetDependency */ = {
			isa = PBXTargetDependency;
			target = EBB182081FE3A72D00366C0F /* CPhotoFeed */;
			targetProxy = EBB182291FE3A72D00366C0F /* PBXContainerItemProxy */;
		};
/* End PBXTargetDependency section */

/* Begin PBXVariantGroup section */
		EBB182101FE3A72D00366C0F /* Main.storyboard */ = {
			isa = PBXVariantGroup;
			children = (
				EBB182111FE3A72D00366C0F /* Base */,
			);
			name = Main.storyboard;
			sourceTree = "<group>";
		};
		EBB182151FE3A72D00366C0F /* LaunchScreen.storyboard */ = {
			isa = PBXVariantGroup;
			children = (
				EBB182161FE3A72D00366C0F /* Base */,
			);
			name = LaunchScreen.storyboard;
			sourceTree = "<group>";
		};
/* End PBXVariantGroup section */

/* Begin XCBuildConfiguration section */
		EBB1822F1FE3A72D00366C0F /* Debug */ = {
			isa = XCBuildConfiguration;
			buildSettings = {
				ALWAYS_SEARCH_USER_PATHS = NO;
				CLANG_ANALYZER_NONNULL = YES;
				CLANG_ANALYZER_NUMBER_OBJECT_CONVERSION = YES_AGGRESSIVE;
				CLANG_CXX_LANGUAGE_STANDARD = "gnu++14";
				CLANG_CXX_LIBRARY = "libc++";
				CLANG_ENABLE_MODULES = YES;
				CLANG_ENABLE_OBJC_ARC = YES;
				CLANG_WARN_BLOCK_CAPTURE_AUTORELEASING = YES;
				CLANG_WARN_BOOL_CONVERSION = YES;
				CLANG_WARN_COMMA = YES;
				CLANG_WARN_CONSTANT_CONVERSION = YES;
				CLANG_WARN_DIRECT_OBJC_ISA_USAGE = YES_ERROR;
				CLANG_WARN_DOCUMENTATION_COMMENTS = YES;
				CLANG_WARN_EMPTY_BODY = YES;
				CLANG_WARN_ENUM_CONVERSION = YES;
				CLANG_WARN_INFINITE_RECURSION = YES;
				CLANG_WARN_INT_CONVERSION = YES;
				CLANG_WARN_NON_LITERAL_NULL_CONVERSION = YES;
				CLANG_WARN_OBJC_LITERAL_CONVERSION = YES;
				CLANG_WARN_OBJC_ROOT_CLASS = YES_ERROR;
				CLANG_WARN_RANGE_LOOP_ANALYSIS = YES;
				CLANG_WARN_STRICT_PROTOTYPES = YES;
				CLANG_WARN_SUSPICIOUS_MOVE = YES;
				CLANG_WARN_UNGUARDED_AVAILABILITY = YES_AGGRESSIVE;
				CLANG_WARN_UNREACHABLE_CODE = YES;
				CLANG_WARN__DUPLICATE_METHOD_MATCH = YES;
				CODE_SIGN_IDENTITY = "iPhone Developer";
				COPY_PHASE_STRIP = NO;
				DEBUG_INFORMATION_FORMAT = dwarf;
				ENABLE_STRICT_OBJC_MSGSEND = YES;
				ENABLE_TESTABILITY = YES;
				GCC_C_LANGUAGE_STANDARD = gnu11;
				GCC_DYNAMIC_NO_PIC = NO;
				GCC_NO_COMMON_BLOCKS = YES;
				GCC_OPTIMIZATION_LEVEL = 0;
				GCC_PREPROCESSOR_DEFINITIONS = (
					"DEBUG=1",
					"$(inherited)",
				);
				GCC_WARN_64_TO_32_BIT_CONVERSION = YES;
				GCC_WARN_ABOUT_RETURN_TYPE = YES_ERROR;
				GCC_WARN_UNDECLARED_SELECTOR = YES;
				GCC_WARN_UNINITIALIZED_AUTOS = YES_AGGRESSIVE;
				GCC_WARN_UNUSED_FUNCTION = YES;
				GCC_WARN_UNUSED_VARIABLE = YES;
				IPHONEOS_DEPLOYMENT_TARGET = 11.2;
				MTL_ENABLE_DEBUG_INFO = YES;
				ONLY_ACTIVE_ARCH = YES;
				SDKROOT = iphoneos;
				SWIFT_ACTIVE_COMPILATION_CONDITIONS = DEBUG;
				SWIFT_OPTIMIZATION_LEVEL = "-Onone";
			};
			name = Debug;
		};
		EBB182301FE3A72D00366C0F /* Release */ = {
			isa = XCBuildConfiguration;
			buildSettings = {
				ALWAYS_SEARCH_USER_PATHS = NO;
				CLANG_ANALYZER_NONNULL = YES;
				CLANG_ANALYZER_NUMBER_OBJECT_CONVERSION = YES_AGGRESSIVE;
				CLANG_CXX_LANGUAGE_STANDARD = "gnu++14";
				CLANG_CXX_LIBRARY = "libc++";
				CLANG_ENABLE_MODULES = YES;
				CLANG_ENABLE_OBJC_ARC = YES;
				CLANG_WARN_BLOCK_CAPTURE_AUTORELEASING = YES;
				CLANG_WARN_BOOL_CONVERSION = YES;
				CLANG_WARN_COMMA = YES;
				CLANG_WARN_CONSTANT_CONVERSION = YES;
				CLANG_WARN_DIRECT_OBJC_ISA_USAGE = YES_ERROR;
				CLANG_WARN_DOCUMENTATION_COMMENTS = YES;
				CLANG_WARN_EMPTY_BODY = YES;
				CLANG_WARN_ENUM_CONVERSION = YES;
				CLANG_WARN_INFINITE_RECURSION = YES;
				CLANG_WARN_INT_CONVERSION = YES;
				CLANG_WARN_NON_LITERAL_NULL_CONVERSION = YES;
				CLANG_WARN_OBJC_LITERAL_CONVERSION = YES;
				CLANG_WARN_OBJC_ROOT_CLASS = YES_ERROR;
				CLANG_WARN_RANGE_LOOP_ANALYSIS = YES;
				CLANG_WARN_STRICT_PROTOTYPES = YES;
				CLANG_WARN_SUSPICIOUS_MOVE = YES;
				CLANG_WARN_UNGUARDED_AVAILABILITY = YES_AGGRESSIVE;
				CLANG_WARN_UNREACHABLE_CODE = YES;
				CLANG_WARN__DUPLICATE_METHOD_MATCH = YES;
				CODE_SIGN_IDENTITY = "iPhone Developer";
				COPY_PHASE_STRIP = NO;
				DEBUG_INFORMATION_FORMAT = "dwarf-with-dsym";
				ENABLE_NS_ASSERTIONS = NO;
				ENABLE_STRICT_OBJC_MSGSEND = YES;
				GCC_C_LANGUAGE_STANDARD = gnu11;
				GCC_NO_COMMON_BLOCKS = YES;
				GCC_WARN_64_TO_32_BIT_CONVERSION = YES;
				GCC_WARN_ABOUT_RETURN_TYPE = YES_ERROR;
				GCC_WARN_UNDECLARED_SELECTOR = YES;
				GCC_WARN_UNINITIALIZED_AUTOS = YES_AGGRESSIVE;
				GCC_WARN_UNUSED_FUNCTION = YES;
				GCC_WARN_UNUSED_VARIABLE = YES;
				IPHONEOS_DEPLOYMENT_TARGET = 11.2;
				MTL_ENABLE_DEBUG_INFO = NO;
				SDKROOT = iphoneos;
				SWIFT_OPTIMIZATION_LEVEL = "-Owholemodule";
				VALIDATE_PRODUCT = YES;
			};
			name = Release;
		};
		EBB182321FE3A72D00366C0F /* Debug */ = {
			isa = XCBuildConfiguration;
			baseConfigurationReference = 5BF22C29168EC9B32C1B2886 /* Pods-CPhotoFeed.debug.xcconfig */;
			buildSettings = {
				ASSETCATALOG_COMPILER_APPICON_NAME = AppIcon;
				CODE_SIGN_STYLE = Automatic;
				DEVELOPMENT_TEAM = A2X2UZ7AEE;
				INFOPLIST_FILE = CPhotoFeed/Info.plist;
				LD_RUNPATH_SEARCH_PATHS = "$(inherited) @executable_path/Frameworks";
				PRODUCT_BUNDLE_IDENTIFIER = com.miso.CPhotoFeed;
				PRODUCT_NAME = "$(TARGET_NAME)";
				SWIFT_VERSION = 4.0;
				TARGETED_DEVICE_FAMILY = "1,2";
			};
			name = Debug;
		};
		EBB182331FE3A72D00366C0F /* Release */ = {
			isa = XCBuildConfiguration;
			baseConfigurationReference = F31375677ED1F1AAEA04C998 /* Pods-CPhotoFeed.release.xcconfig */;
			buildSettings = {
				ASSETCATALOG_COMPILER_APPICON_NAME = AppIcon;
				CODE_SIGN_STYLE = Automatic;
				DEVELOPMENT_TEAM = A2X2UZ7AEE;
				INFOPLIST_FILE = CPhotoFeed/Info.plist;
				LD_RUNPATH_SEARCH_PATHS = "$(inherited) @executable_path/Frameworks";
				PRODUCT_BUNDLE_IDENTIFIER = com.miso.CPhotoFeed;
				PRODUCT_NAME = "$(TARGET_NAME)";
				SWIFT_VERSION = 4.0;
				TARGETED_DEVICE_FAMILY = "1,2";
			};
			name = Release;
		};
		EBB182351FE3A72D00366C0F /* Debug */ = {
			isa = XCBuildConfiguration;
			baseConfigurationReference = EEFCDF2F3D322296901351E8 /* Pods-CPhotoFeedTests.debug.xcconfig */;
			buildSettings = {
				ALWAYS_EMBED_SWIFT_STANDARD_LIBRARIES = YES;
				BUNDLE_LOADER = "$(TEST_HOST)";
				CODE_SIGN_STYLE = Automatic;
				DEVELOPMENT_TEAM = A2X2UZ7AEE;
				INFOPLIST_FILE = CPhotoFeedTests/Info.plist;
				LD_RUNPATH_SEARCH_PATHS = "$(inherited) @executable_path/Frameworks @loader_path/Frameworks";
				PRODUCT_BUNDLE_IDENTIFIER = com.miso.CPhotoFeedTests;
				PRODUCT_NAME = "$(TARGET_NAME)";
				SWIFT_VERSION = 4.0;
				TARGETED_DEVICE_FAMILY = "1,2";
				TEST_HOST = "$(BUILT_PRODUCTS_DIR)/CPhotoFeed.app/CPhotoFeed";
			};
			name = Debug;
		};
		EBB182361FE3A72D00366C0F /* Release */ = {
			isa = XCBuildConfiguration;
			baseConfigurationReference = 2E8BA7103D7DC83A87BC028C /* Pods-CPhotoFeedTests.release.xcconfig */;
			buildSettings = {
				ALWAYS_EMBED_SWIFT_STANDARD_LIBRARIES = YES;
				BUNDLE_LOADER = "$(TEST_HOST)";
				CODE_SIGN_STYLE = Automatic;
				DEVELOPMENT_TEAM = A2X2UZ7AEE;
				INFOPLIST_FILE = CPhotoFeedTests/Info.plist;
				LD_RUNPATH_SEARCH_PATHS = "$(inherited) @executable_path/Frameworks @loader_path/Frameworks";
				PRODUCT_BUNDLE_IDENTIFIER = com.miso.CPhotoFeedTests;
				PRODUCT_NAME = "$(TARGET_NAME)";
				SWIFT_VERSION = 4.0;
				TARGETED_DEVICE_FAMILY = "1,2";
				TEST_HOST = "$(BUILT_PRODUCTS_DIR)/CPhotoFeed.app/CPhotoFeed";
			};
			name = Release;
		};
		EBB182381FE3A72D00366C0F /* Debug */ = {
			isa = XCBuildConfiguration;
			baseConfigurationReference = B155EC47A106BCEE3ADA9076 /* Pods-CPhotoFeedUITests.debug.xcconfig */;
			buildSettings = {
				ALWAYS_EMBED_SWIFT_STANDARD_LIBRARIES = YES;
				CODE_SIGN_STYLE = Automatic;
				DEVELOPMENT_TEAM = A2X2UZ7AEE;
				INFOPLIST_FILE = CPhotoFeedUITests/Info.plist;
				LD_RUNPATH_SEARCH_PATHS = "$(inherited) @executable_path/Frameworks @loader_path/Frameworks";
				PRODUCT_BUNDLE_IDENTIFIER = com.miso.CPhotoFeedUITests;
				PRODUCT_NAME = "$(TARGET_NAME)";
				SWIFT_VERSION = 4.0;
				TARGETED_DEVICE_FAMILY = "1,2";
				TEST_TARGET_NAME = CPhotoFeed;
			};
			name = Debug;
		};
		EBB182391FE3A72D00366C0F /* Release */ = {
			isa = XCBuildConfiguration;
			baseConfigurationReference = AEFAD39E2FA50828CDB6C60F /* Pods-CPhotoFeedUITests.release.xcconfig */;
			buildSettings = {
				ALWAYS_EMBED_SWIFT_STANDARD_LIBRARIES = YES;
				CODE_SIGN_STYLE = Automatic;
				DEVELOPMENT_TEAM = A2X2UZ7AEE;
				INFOPLIST_FILE = CPhotoFeedUITests/Info.plist;
				LD_RUNPATH_SEARCH_PATHS = "$(inherited) @executable_path/Frameworks @loader_path/Frameworks";
				PRODUCT_BUNDLE_IDENTIFIER = com.miso.CPhotoFeedUITests;
				PRODUCT_NAME = "$(TARGET_NAME)";
				SWIFT_VERSION = 4.0;
				TARGETED_DEVICE_FAMILY = "1,2";
				TEST_TARGET_NAME = CPhotoFeed;
			};
			name = Release;
		};
/* End XCBuildConfiguration section */

/* Begin XCConfigurationList section */
		EBB182041FE3A72D00366C0F /* Build configuration list for PBXProject "CPhotoFeed" */ = {
			isa = XCConfigurationList;
			buildConfigurations = (
				EBB1822F1FE3A72D00366C0F /* Debug */,
				EBB182301FE3A72D00366C0F /* Release */,
			);
			defaultConfigurationIsVisible = 0;
			defaultConfigurationName = Release;
		};
		EBB182311FE3A72D00366C0F /* Build configuration list for PBXNativeTarget "CPhotoFeed" */ = {
			isa = XCConfigurationList;
			buildConfigurations = (
				EBB182321FE3A72D00366C0F /* Debug */,
				EBB182331FE3A72D00366C0F /* Release */,
			);
			defaultConfigurationIsVisible = 0;
			defaultConfigurationName = Release;
		};
		EBB182341FE3A72D00366C0F /* Build configuration list for PBXNativeTarget "CPhotoFeedTests" */ = {
			isa = XCConfigurationList;
			buildConfigurations = (
				EBB182351FE3A72D00366C0F /* Debug */,
				EBB182361FE3A72D00366C0F /* Release */,
			);
			defaultConfigurationIsVisible = 0;
			defaultConfigurationName = Release;
		};
		EBB182371FE3A72D00366C0F /* Build configuration list for PBXNativeTarget "CPhotoFeedUITests" */ = {
			isa = XCConfigurationList;
			buildConfigurations = (
				EBB182381FE3A72D00366C0F /* Debug */,
				EBB182391FE3A72D00366C0F /* Release */,
			);
			defaultConfigurationIsVisible = 0;
			defaultConfigurationName = Release;
		};
/* End XCConfigurationList section */
	};
	rootObject = EBB182011FE3A72D00366C0F /* Project object */;
}
