// !$*UTF8*$!
{
	archiveVersion = 1;
	classes = {
	};
	objectVersion = 48;
	objects = {

/* Begin PBXBuildFile section */
		EB143B671FE0E71000084D90 /* AppDelegate.swift in Sources */ = {isa = PBXBuildFile; fileRef = EB143B661FE0E71000084D90 /* AppDelegate.swift */; };
		EB143B691FE0E71000084D90 /* ViewController.swift in Sources */ = {isa = PBXBuildFile; fileRef = EB143B681FE0E71000084D90 /* ViewController.swift */; };
		EB143B6C1FE0E71000084D90 /* Main.storyboard in Resources */ = {isa = PBXBuildFile; fileRef = EB143B6A1FE0E71000084D90 /* Main.storyboard */; };
		EB143B6E1FE0E71000084D90 /* Assets.xcassets in Resources */ = {isa = PBXBuildFile; fileRef = EB143B6D1FE0E71000084D90 /* Assets.xcassets */; };
		EB143B711FE0E71000084D90 /* LaunchScreen.storyboard in Resources */ = {isa = PBXBuildFile; fileRef = EB143B6F1FE0E71000084D90 /* LaunchScreen.storyboard */; };
/* End PBXBuildFile section */

/* Begin PBXFileReference section */
		EB143B631FE0E71000084D90 /* ReadingAutoLayout.app */ = {isa = PBXFileReference; explicitFileType = wrapper.application; includeInIndex = 0; path = ReadingAutoLayout.app; sourceTree = BUILT_PRODUCTS_DIR; };
		EB143B661FE0E71000084D90 /* AppDelegate.swift */ = {isa = PBXFileReference; lastKnownFileType = sourcecode.swift; path = AppDelegate.swift; sourceTree = "<group>"; };
		EB143B681FE0E71000084D90 /* ViewController.swift */ = {isa = PBXFileReference; lastKnownFileType = sourcecode.swift; path = ViewController.swift; sourceTree = "<group>"; };
		EB143B6B1FE0E71000084D90 /* Base */ = {isa = PBXFileReference; lastKnownFileType = file.storyboard; name = Base; path = Base.lproj/Main.storyboard; sourceTree = "<group>"; };
		EB143B6D1FE0E71000084D90 /* Assets.xcassets */ = {isa = PBXFileReference; lastKnownFileType = folder.assetcatalog; path = Assets.xcassets; sourceTree = "<group>"; };
		EB143B701FE0E71000084D90 /* Base */ = {isa = PBXFileReference; lastKnownFileType = file.storyboard; name = Base; path = Base.lproj/LaunchScreen.storyboard; sourceTree = "<group>"; };
		EB143B721FE0E71000084D90 /* Info.plist */ = {isa = PBXFileReference; lastKnownFileType = text.plist.xml; path = Info.plist; sourceTree = "<group>"; };
/* End PBXFileReference section */

/* Begin PBXFrameworksBuildPhase section */
		EB143B601FE0E71000084D90 /* Frameworks */ = {
			isa = PBXFrameworksBuildPhase;
			buildActionMask = 2147483647;
			files = (
			);
			runOnlyForDeploymentPostprocessing = 0;
		};
/* End PBXFrameworksBuildPhase section */

/* Begin PBXGroup section */
		EB143B5A1FE0E71000084D90 = {
			isa = PBXGroup;
			children = (
				EB143B651FE0E71000084D90 /* ReadingAutoLayout */,
				EB143B641FE0E71000084D90 /* Products */,
			);
			sourceTree = "<group>";
		};
		EB143B641FE0E71000084D90 /* Products */ = {
			isa = PBXGroup;
			children = (
				EB143B631FE0E71000084D90 /* ReadingAutoLayout.app */,
			);
			name = Products;
			sourceTree = "<group>";
		};
		EB143B651FE0E71000084D90 /* ReadingAutoLayout */ = {
			isa = PBXGroup;
			children = (
				EB143B661FE0E71000084D90 /* AppDelegate.swift */,
				EB143B681FE0E71000084D90 /* ViewController.swift */,
				EB143B6A1FE0E71000084D90 /* Main.storyboard */,
				EB143B6D1FE0E71000084D90 /* Assets.xcassets */,
				EB143B6F1FE0E71000084D90 /* LaunchScreen.storyboard */,
				EB143B721FE0E71000084D90 /* Info.plist */,
			);
			path = ReadingAutoLayout;
			sourceTree = "<group>";
		};
/* End PBXGroup section */

/* Begin PBXNativeTarget section */
		EB143B621FE0E71000084D90 /* ReadingAutoLayout */ = {
			isa = PBXNativeTarget;
			buildConfigurationList = EB143B751FE0E71000084D90 /* Build configuration list for PBXNativeTarget "ReadingAutoLayout" */;
			buildPhases = (
				EB143B5F1FE0E71000084D90 /* Sources */,
				EB143B601FE0E71000084D90 /* Frameworks */,
				EB143B611FE0E71000084D90 /* Resources */,
			);
			buildRules = (
			);
			dependencies = (
			);
			name = ReadingAutoLayout;
			productName = ReadingAutoLayout;
			productReference = EB143B631FE0E71000084D90 /* ReadingAutoLayout.app */;
			productType = "com.apple.product-type.application";
		};
/* End PBXNativeTarget section */

/* Begin PBXProject section */
		EB143B5B1FE0E71000084D90 /* Project object */ = {
			isa = PBXProject;
			attributes = {
				LastSwiftUpdateCheck = 0920;
				LastUpgradeCheck = 0920;
				ORGANIZATIONNAME = "Hiroka Yago";
				TargetAttributes = {
					EB143B621FE0E71000084D90 = {
						CreatedOnToolsVersion = 9.2;
						ProvisioningStyle = Automatic;
					};
				};
			};
			buildConfigurationList = EB143B5E1FE0E71000084D90 /* Build configuration list for PBXProject "ReadingAutoLayout" */;
			compatibilityVersion = "Xcode 8.0";
			developmentRegion = en;
			hasScannedForEncodings = 0;
			knownRegions = (
				en,
				Base,
			);
			mainGroup = EB143B5A1FE0E71000084D90;
			productRefGroup = EB143B641FE0E71000084D90 /* Products */;
			projectDirPath = "";
			projectRoot = "";
			targets = (
				EB143B621FE0E71000084D90 /* ReadingAutoLayout */,
			);
		};
/* End PBXProject section */

/* Begin PBXResourcesBuildPhase section */
		EB143B611FE0E71000084D90 /* Resources */ = {
			isa = PBXResourcesBuildPhase;
			buildActionMask = 2147483647;
			files = (
				EB143B711FE0E71000084D90 /* LaunchScreen.storyboard in Resources */,
				EB143B6E1FE0E71000084D90 /* Assets.xcassets in Resources */,
				EB143B6C1FE0E71000084D90 /* Main.storyboard in Resources */,
			);
			runOnlyForDeploymentPostprocessing = 0;
		};
/* End PBXResourcesBuildPhase section */

/* Begin PBXSourcesBuildPhase section */
		EB143B5F1FE0E71000084D90 /* Sources */ = {
			isa = PBXSourcesBuildPhase;
			buildActionMask = 2147483647;
			files = (
				EB143B691FE0E71000084D90 /* ViewController.swift in Sources */,
				EB143B671FE0E71000084D90 /* AppDelegate.swift in Sources */,
			);
			runOnlyForDeploymentPostprocessing = 0;
		};
/* End PBXSourcesBuildPhase section */

/* Begin PBXVariantGroup section */
		EB143B6A1FE0E71000084D90 /* Main.storyboard */ = {
			isa = PBXVariantGroup;
			children = (
				EB143B6B1FE0E71000084D90 /* Base */,
			);
			name = Main.storyboard;
			sourceTree = "<group>";
		};
		EB143B6F1FE0E71000084D90 /* LaunchScreen.storyboard */ = {
			isa = PBXVariantGroup;
			children = (
				EB143B701FE0E71000084D90 /* Base */,
			);
			name = LaunchScreen.storyboard;
			sourceTree = "<group>";
		};
/* End PBXVariantGroup section */

/* Begin XCBuildConfiguration section */
		EB143B731FE0E71000084D90 /* Debug */ = {
			isa = XCBuildConfiguration;
			buildSettings = {
				ALWAYS_SEARCH_USER_PATHS = NO;
				CLANG_ANALYZER_NONNULL = YES;
				CLANG_ANALYZER_NUMBER_OBJECT_CONVERSION = YES_AGGRESSIVE;
				CLANG_CXX_LANGUAGE_STANDARD = "gnu++14";
				CLANG_CXX_LIBRARY = "libc++";
				CLANG_ENABLE_MODULES = YES;
				CLANG_ENABLE_OBJC_ARC = YES;
				CLANG_WARN_BLOCK_CAPTURE_AUTORELEASING = YES;
				CLANG_WARN_BOOL_CONVERSION = YES;
				CLANG_WARN_COMMA = YES;
				CLANG_WARN_CONSTANT_CONVERSION = YES;
				CLANG_WARN_DIRECT_OBJC_ISA_USAGE = YES_ERROR;
				CLANG_WARN_DOCUMENTATION_COMMENTS = YES;
				CLANG_WARN_EMPTY_BODY = YES;
				CLANG_WARN_ENUM_CONVERSION = YES;
				CLANG_WARN_INFINITE_RECURSION = YES;
				CLANG_WARN_INT_CONVERSION = YES;
				CLANG_WARN_NON_LITERAL_NULL_CONVERSION = YES;
				CLANG_WARN_OBJC_LITERAL_CONVERSION = YES;
				CLANG_WARN_OBJC_ROOT_CLASS = YES_ERROR;
				CLANG_WARN_RANGE_LOOP_ANALYSIS = YES;
				CLANG_WARN_STRICT_PROTOTYPES = YES;
				CLANG_WARN_SUSPICIOUS_MOVE = YES;
				CLANG_WARN_UNGUARDED_AVAILABILITY = YES_AGGRESSIVE;
				CLANG_WARN_UNREACHABLE_CODE = YES;
				CLANG_WARN__DUPLICATE_METHOD_MATCH = YES;
				CODE_SIGN_IDENTITY = "iPhone Developer";
				COPY_PHASE_STRIP = NO;
				DEBUG_INFORMATION_FORMAT = dwarf;
				ENABLE_STRICT_OBJC_MSGSEND = YES;
				ENABLE_TESTABILITY = YES;
				GCC_C_LANGUAGE_STANDARD = gnu11;
				GCC_DYNAMIC_NO_PIC = NO;
				GCC_NO_COMMON_BLOCKS = YES;
				GCC_OPTIMIZATION_LEVEL = 0;
				GCC_PREPROCESSOR_DEFINITIONS = (
					"DEBUG=1",
					"$(inherited)",
				);
				GCC_WARN_64_TO_32_BIT_CONVERSION = YES;
				GCC_WARN_ABOUT_RETURN_TYPE = YES_ERROR;
				GCC_WARN_UNDECLARED_SELECTOR = YES;
				GCC_WARN_UNINITIALIZED_AUTOS = YES_AGGRESSIVE;
				GCC_WARN_UNUSED_FUNCTION = YES;
				GCC_WARN_UNUSED_VARIABLE = YES;
				IPHONEOS_DEPLOYMENT_TARGET = 11.2;
				MTL_ENABLE_DEBUG_INFO = YES;
				ONLY_ACTIVE_ARCH = YES;
				SDKROOT = iphoneos;
				SWIFT_ACTIVE_COMPILATION_CONDITIONS = DEBUG;
				SWIFT_OPTIMIZATION_LEVEL = "-Onone";
			};
			name = Debug;
		};
		EB143B741FE0E71000084D90 /* Release */ = {
			isa = XCBuildConfiguration;
			buildSettings = {
				ALWAYS_SEARCH_USER_PATHS = NO;
				CLANG_ANALYZER_NONNULL = YES;
				CLANG_ANALYZER_NUMBER_OBJECT_CONVERSION = YES_AGGRESSIVE;
				CLANG_CXX_LANGUAGE_STANDARD = "gnu++14";
				CLANG_CXX_LIBRARY = "libc++";
				CLANG_ENABLE_MODULES = YES;
				CLANG_ENABLE_OBJC_ARC = YES;
				CLANG_WARN_BLOCK_CAPTURE_AUTORELEASING = YES;
				CLANG_WARN_BOOL_CONVERSION = YES;
				CLANG_WARN_COMMA = YES;
				CLANG_WARN_CONSTANT_CONVERSION = YES;
				CLANG_WARN_DIRECT_OBJC_ISA_USAGE = YES_ERROR;
				CLANG_WARN_DOCUMENTATION_COMMENTS = YES;
				CLANG_WARN_EMPTY_BODY = YES;
				CLANG_WARN_ENUM_CONVERSION = YES;
				CLANG_WARN_INFINITE_RECURSION = YES;
				CLANG_WARN_INT_CONVERSION = YES;
				CLANG_WARN_NON_LITERAL_NULL_CONVERSION = YES;
				CLANG_WARN_OBJC_LITERAL_CONVERSION = YES;
				CLANG_WARN_OBJC_ROOT_CLASS = YES_ERROR;
				CLANG_WARN_RANGE_LOOP_ANALYSIS = YES;
				CLANG_WARN_STRICT_PROTOTYPES = YES;
				CLANG_WARN_SUSPICIOUS_MOVE = YES;
				CLANG_WARN_UNGUARDED_AVAILABILITY = YES_AGGRESSIVE;
				CLANG_WARN_UNREACHABLE_CODE = YES;
				CLANG_WARN__DUPLICATE_METHOD_MATCH = YES;
				CODE_SIGN_IDENTITY = "iPhone Developer";
				COPY_PHASE_STRIP = NO;
				DEBUG_INFORMATION_FORMAT = "dwarf-with-dsym";
				ENABLE_NS_ASSERTIONS = NO;
				ENABLE_STRICT_OBJC_MSGSEND = YES;
				GCC_C_LANGUAGE_STANDARD = gnu11;
				GCC_NO_COMMON_BLOCKS = YES;
				GCC_WARN_64_TO_32_BIT_CONVERSION = YES;
				GCC_WARN_ABOUT_RETURN_TYPE = YES_ERROR;
				GCC_WARN_UNDECLARED_SELECTOR = YES;
				GCC_WARN_UNINITIALIZED_AUTOS = YES_AGGRESSIVE;
				GCC_WARN_UNUSED_FUNCTION = YES;
				GCC_WARN_UNUSED_VARIABLE = YES;
				IPHONEOS_DEPLOYMENT_TARGET = 11.2;
				MTL_ENABLE_DEBUG_INFO = NO;
				SDKROOT = iphoneos;
				SWIFT_OPTIMIZATION_LEVEL = "-Owholemodule";
				VALIDATE_PRODUCT = YES;
			};
			name = Release;
		};
		EB143B761FE0E71000084D90 /* Debug */ = {
			isa = XCBuildConfiguration;
			buildSettings = {
				ASSETCATALOG_COMPILER_APPICON_NAME = AppIcon;
				CODE_SIGN_STYLE = Automatic;
				DEVELOPMENT_TEAM = A2X2UZ7AEE;
				INFOPLIST_FILE = ReadingAutoLayout/Info.plist;
				LD_RUNPATH_SEARCH_PATHS = "$(inherited) @executable_path/Frameworks";
				PRODUCT_BUNDLE_IDENTIFIER = com.miso.ReadingAutoLayout;
				PRODUCT_NAME = "$(TARGET_NAME)";
				SWIFT_VERSION = 4.0;
				TARGETED_DEVICE_FAMILY = "1,2";
			};
			name = Debug;
		};
		EB143B771FE0E71000084D90 /* Release */ = {
			isa = XCBuildConfiguration;
			buildSettings = {
				ASSETCATALOG_COMPILER_APPICON_NAME = AppIcon;
				CODE_SIGN_STYLE = Automatic;
				DEVELOPMENT_TEAM = A2X2UZ7AEE;
				INFOPLIST_FILE = ReadingAutoLayout/Info.plist;
				LD_RUNPATH_SEARCH_PATHS = "$(inherited) @executable_path/Frameworks";
				PRODUCT_BUNDLE_IDENTIFIER = com.miso.ReadingAutoLayout;
				PRODUCT_NAME = "$(TARGET_NAME)";
				SWIFT_VERSION = 4.0;
				TARGETED_DEVICE_FAMILY = "1,2";
			};
			name = Release;
		};
/* End XCBuildConfiguration section */

/* Begin XCConfigurationList section */
		EB143B5E1FE0E71000084D90 /* Build configuration list for PBXProject "ReadingAutoLayout" */ = {
			isa = XCConfigurationList;
			buildConfigurations = (
				EB143B731FE0E71000084D90 /* Debug */,
				EB143B741FE0E71000084D90 /* Release */,
			);
			defaultConfigurationIsVisible = 0;
			defaultConfigurationName = Release;
		};
		EB143B751FE0E71000084D90 /* Build configuration list for PBXNativeTarget "ReadingAutoLayout" */ = {
			isa = XCConfigurationList;
			buildConfigurations = (
				EB143B761FE0E71000084D90 /* Debug */,
				EB143B771FE0E71000084D90 /* Release */,
			);
			defaultConfigurationIsVisible = 0;
			defaultConfigurationName = Release;
		};
/* End XCConfigurationList section */
	};
	rootObject = EB143B5B1FE0E71000084D90 /* Project object */;
}
